// !$*UTF8*$!
{
	archiveVersion = 1;
	classes = {
	};
	objectVersion = 46;
	objects = {

/* Begin PBXBuildFile section */
		7B0EAE05183D28C70057D871 /* GoogleMaps.bundle in Resources */ = {isa = PBXBuildFile; fileRef = 7B0EAE04183D28C70057D871 /* GoogleMaps.bundle */; };
		7B0EAE08183D40380057D871 /* jjkMapServices.m in Sources */ = {isa = PBXBuildFile; fileRef = 7B0EAE07183D40380057D871 /* jjkMapServices.m */; };
		7B40E0451832CE38008AAAB9 /* Foundation.framework in Frameworks */ = {isa = PBXBuildFile; fileRef = 7B40E0441832CE38008AAAB9 /* Foundation.framework */; };
		7B40E0471832CE38008AAAB9 /* CoreGraphics.framework in Frameworks */ = {isa = PBXBuildFile; fileRef = 7B40E0461832CE38008AAAB9 /* CoreGraphics.framework */; };
		7B40E0491832CE38008AAAB9 /* UIKit.framework in Frameworks */ = {isa = PBXBuildFile; fileRef = 7B40E0481832CE38008AAAB9 /* UIKit.framework */; };
		7B40E04F1832CE38008AAAB9 /* InfoPlist.strings in Resources */ = {isa = PBXBuildFile; fileRef = 7B40E04D1832CE38008AAAB9 /* InfoPlist.strings */; };
		7B40E0511832CE38008AAAB9 /* main.m in Sources */ = {isa = PBXBuildFile; fileRef = 7B40E0501832CE38008AAAB9 /* main.m */; };
		7B40E0551832CE38008AAAB9 /* jjkAppDelegate.m in Sources */ = {isa = PBXBuildFile; fileRef = 7B40E0541832CE38008AAAB9 /* jjkAppDelegate.m */; };
		7B40E0581832CE38008AAAB9 /* Main.storyboard in Resources */ = {isa = PBXBuildFile; fileRef = 7B40E0561832CE38008AAAB9 /* Main.storyboard */; };
		7B40E05B1832CE38008AAAB9 /* jjkViewController.m in Sources */ = {isa = PBXBuildFile; fileRef = 7B40E05A1832CE38008AAAB9 /* jjkViewController.m */; };
		7B40E05D1832CE38008AAAB9 /* Images.xcassets in Resources */ = {isa = PBXBuildFile; fileRef = 7B40E05C1832CE38008AAAB9 /* Images.xcassets */; };
		7B40E0641832CE38008AAAB9 /* XCTest.framework in Frameworks */ = {isa = PBXBuildFile; fileRef = 7B40E0631832CE38008AAAB9 /* XCTest.framework */; };
		7B40E0651832CE39008AAAB9 /* Foundation.framework in Frameworks */ = {isa = PBXBuildFile; fileRef = 7B40E0441832CE38008AAAB9 /* Foundation.framework */; };
		7B40E0661832CE39008AAAB9 /* UIKit.framework in Frameworks */ = {isa = PBXBuildFile; fileRef = 7B40E0481832CE38008AAAB9 /* UIKit.framework */; };
		7B40E06E1832CE39008AAAB9 /* InfoPlist.strings in Resources */ = {isa = PBXBuildFile; fileRef = 7B40E06C1832CE39008AAAB9 /* InfoPlist.strings */; };
		7B40E0701832CE39008AAAB9 /* TripCalculatorTests.m in Sources */ = {isa = PBXBuildFile; fileRef = 7B40E06F1832CE39008AAAB9 /* TripCalculatorTests.m */; };
		7B40E07D1832D345008AAAB9 /* jjkMapViewController.m in Sources */ = {isa = PBXBuildFile; fileRef = 7B40E07C1832D345008AAAB9 /* jjkMapViewController.m */; };
		7B40E07F1832D700008AAAB9 /* route.png in Resources */ = {isa = PBXBuildFile; fileRef = 7B40E07E1832D700008AAAB9 /* route.png */; };
		7B40E0831832DBD5008AAAB9 /* AddressBook.framework in Frameworks */ = {isa = PBXBuildFile; fileRef = 7B40E0821832DBD5008AAAB9 /* AddressBook.framework */; };
		7B40E0851832DBDA008AAAB9 /* CoreLocation.framework in Frameworks */ = {isa = PBXBuildFile; fileRef = 7B40E0841832DBDA008AAAB9 /* CoreLocation.framework */; };
		7B40E08C1832E11C008AAAB9 /* GoogleMaps.bundle in Resources */ = {isa = PBXBuildFile; fileRef = 7B40E08B1832E11C008AAAB9 /* GoogleMaps.bundle */; };
		7B40E08E1832E148008AAAB9 /* AVFoundation.framework in Frameworks */ = {isa = PBXBuildFile; fileRef = 7B40E08D1832E148008AAAB9 /* AVFoundation.framework */; };
		7B40E0901832E154008AAAB9 /* CoreText.framework in Frameworks */ = {isa = PBXBuildFile; fileRef = 7B40E08F1832E154008AAAB9 /* CoreText.framework */; };
		7B40E0921832E159008AAAB9 /* GLKit.framework in Frameworks */ = {isa = PBXBuildFile; fileRef = 7B40E0911832E159008AAAB9 /* GLKit.framework */; };
		7B40E0941832E15F008AAAB9 /* ImageIO.framework in Frameworks */ = {isa = PBXBuildFile; fileRef = 7B40E0931832E15F008AAAB9 /* ImageIO.framework */; };
		7B40E0961832E169008AAAB9 /* libc++.dylib in Frameworks */ = {isa = PBXBuildFile; fileRef = 7B40E0951832E169008AAAB9 /* libc++.dylib */; };
		7B40E0981832E175008AAAB9 /* libicucore.dylib in Frameworks */ = {isa = PBXBuildFile; fileRef = 7B40E0971832E175008AAAB9 /* libicucore.dylib */; };
		7B40E09A1832E17A008AAAB9 /* libz.dylib in Frameworks */ = {isa = PBXBuildFile; fileRef = 7B40E0991832E17A008AAAB9 /* libz.dylib */; };
		7B40E09C1832E180008AAAB9 /* OpenGLES.framework in Frameworks */ = {isa = PBXBuildFile; fileRef = 7B40E09B1832E180008AAAB9 /* OpenGLES.framework */; };
		7B40E09E1832E189008AAAB9 /* QuartzCore.framework in Frameworks */ = {isa = PBXBuildFile; fileRef = 7B40E09D1832E189008AAAB9 /* QuartzCore.framework */; };
		7B40E0A01832E195008AAAB9 /* SystemConfiguration.framework in Frameworks */ = {isa = PBXBuildFile; fileRef = 7B40E09F1832E195008AAAB9 /* SystemConfiguration.framework */; };
		7B40E0A21832E305008AAAB9 /* GoogleMaps.framework in Frameworks */ = {isa = PBXBuildFile; fileRef = 7B40E0A11832E305008AAAB9 /* GoogleMaps.framework */; };
		7B40E0A41832E42B008AAAB9 /* CoreData.framework in Frameworks */ = {isa = PBXBuildFile; fileRef = 7B40E0A31832E42B008AAAB9 /* CoreData.framework */; };
/* End PBXBuildFile section */

/* Begin PBXContainerItemProxy section */
		7B40E0671832CE39008AAAB9 /* PBXContainerItemProxy */ = {
			isa = PBXContainerItemProxy;
			containerPortal = 7B40E0391832CE38008AAAB9 /* Project object */;
			proxyType = 1;
			remoteGlobalIDString = 7B40E0401832CE38008AAAB9;
			remoteInfo = TripCalculator;
		};
/* End PBXContainerItemProxy section */

/* Begin PBXFileReference section */
		7B0EAE04183D28C70057D871 /* GoogleMaps.bundle */ = {isa = PBXFileReference; lastKnownFileType = "wrapper.plug-in"; name = GoogleMaps.bundle; path = "../../../../Downloads/GoogleMaps-iOS-1.5.0/GoogleMaps.framework/Versions/A/Resources/GoogleMaps.bundle"; sourceTree = "<group>"; };
		7B0EAE06183D40380057D871 /* jjkMapServices.h */ = {isa = PBXFileReference; fileEncoding = 4; lastKnownFileType = sourcecode.c.h; path = jjkMapServices.h; sourceTree = "<group>"; };
		7B0EAE07183D40380057D871 /* jjkMapServices.m */ = {isa = PBXFileReference; fileEncoding = 4; lastKnownFileType = sourcecode.c.objc; path = jjkMapServices.m; sourceTree = "<group>"; };
		7B40E0411832CE38008AAAB9 /* TripCalculator.app */ = {isa = PBXFileReference; explicitFileType = wrapper.application; includeInIndex = 0; path = TripCalculator.app; sourceTree = BUILT_PRODUCTS_DIR; };
		7B40E0441832CE38008AAAB9 /* Foundation.framework */ = {isa = PBXFileReference; lastKnownFileType = wrapper.framework; name = Foundation.framework; path = System/Library/Frameworks/Foundation.framework; sourceTree = SDKROOT; };
		7B40E0461832CE38008AAAB9 /* CoreGraphics.framework */ = {isa = PBXFileReference; lastKnownFileType = wrapper.framework; name = CoreGraphics.framework; path = System/Library/Frameworks/CoreGraphics.framework; sourceTree = SDKROOT; };
		7B40E0481832CE38008AAAB9 /* UIKit.framework */ = {isa = PBXFileReference; lastKnownFileType = wrapper.framework; name = UIKit.framework; path = System/Library/Frameworks/UIKit.framework; sourceTree = SDKROOT; };
		7B40E04C1832CE38008AAAB9 /* TripCalculator-Info.plist */ = {isa = PBXFileReference; lastKnownFileType = text.plist.xml; path = "TripCalculator-Info.plist"; sourceTree = "<group>"; };
		7B40E04E1832CE38008AAAB9 /* en */ = {isa = PBXFileReference; lastKnownFileType = text.plist.strings; name = en; path = en.lproj/InfoPlist.strings; sourceTree = "<group>"; };
		7B40E0501832CE38008AAAB9 /* main.m */ = {isa = PBXFileReference; lastKnownFileType = sourcecode.c.objc; path = main.m; sourceTree = "<group>"; };
		7B40E0521832CE38008AAAB9 /* TripCalculator-Prefix.pch */ = {isa = PBXFileReference; lastKnownFileType = sourcecode.c.h; path = "TripCalculator-Prefix.pch"; sourceTree = "<group>"; };
		7B40E0531832CE38008AAAB9 /* jjkAppDelegate.h */ = {isa = PBXFileReference; lastKnownFileType = sourcecode.c.h; path = jjkAppDelegate.h; sourceTree = "<group>"; };
		7B40E0541832CE38008AAAB9 /* jjkAppDelegate.m */ = {isa = PBXFileReference; lastKnownFileType = sourcecode.c.objc; path = jjkAppDelegate.m; sourceTree = "<group>"; };
		7B40E0571832CE38008AAAB9 /* Base */ = {isa = PBXFileReference; lastKnownFileType = file.storyboard; name = Base; path = Base.lproj/Main.storyboard; sourceTree = "<group>"; };
		7B40E0591832CE38008AAAB9 /* jjkViewController.h */ = {isa = PBXFileReference; lastKnownFileType = sourcecode.c.h; path = jjkViewController.h; sourceTree = "<group>"; };
		7B40E05A1832CE38008AAAB9 /* jjkViewController.m */ = {isa = PBXFileReference; lastKnownFileType = sourcecode.c.objc; path = jjkViewController.m; sourceTree = "<group>"; };
		7B40E05C1832CE38008AAAB9 /* Images.xcassets */ = {isa = PBXFileReference; lastKnownFileType = folder.assetcatalog; path = Images.xcassets; sourceTree = "<group>"; };
		7B40E0621832CE38008AAAB9 /* TripCalculatorTests.xctest */ = {isa = PBXFileReference; explicitFileType = wrapper.cfbundle; includeInIndex = 0; path = TripCalculatorTests.xctest; sourceTree = BUILT_PRODUCTS_DIR; };
		7B40E0631832CE38008AAAB9 /* XCTest.framework */ = {isa = PBXFileReference; lastKnownFileType = wrapper.framework; name = XCTest.framework; path = Library/Frameworks/XCTest.framework; sourceTree = DEVELOPER_DIR; };
		7B40E06B1832CE39008AAAB9 /* TripCalculatorTests-Info.plist */ = {isa = PBXFileReference; lastKnownFileType = text.plist.xml; path = "TripCalculatorTests-Info.plist"; sourceTree = "<group>"; };
		7B40E06D1832CE39008AAAB9 /* en */ = {isa = PBXFileReference; lastKnownFileType = text.plist.strings; name = en; path = en.lproj/InfoPlist.strings; sourceTree = "<group>"; };
		7B40E06F1832CE39008AAAB9 /* TripCalculatorTests.m */ = {isa = PBXFileReference; lastKnownFileType = sourcecode.c.objc; path = TripCalculatorTests.m; sourceTree = "<group>"; };
		7B40E07B1832D345008AAAB9 /* jjkMapViewController.h */ = {isa = PBXFileReference; fileEncoding = 4; lastKnownFileType = sourcecode.c.h; path = jjkMapViewController.h; sourceTree = "<group>"; };
		7B40E07C1832D345008AAAB9 /* jjkMapViewController.m */ = {isa = PBXFileReference; fileEncoding = 4; lastKnownFileType = sourcecode.c.objc; path = jjkMapViewController.m; sourceTree = "<group>"; };
		7B40E07E1832D700008AAAB9 /* route.png */ = {isa = PBXFileReference; lastKnownFileType = image.png; path = route.png; sourceTree = "<group>"; };
		7B40E0821832DBD5008AAAB9 /* AddressBook.framework */ = {isa = PBXFileReference; lastKnownFileType = wrapper.framework; name = AddressBook.framework; path = System/Library/Frameworks/AddressBook.framework; sourceTree = SDKROOT; };
		7B40E0841832DBDA008AAAB9 /* CoreLocation.framework */ = {isa = PBXFileReference; lastKnownFileType = wrapper.framework; name = CoreLocation.framework; path = System/Library/Frameworks/CoreLocation.framework; sourceTree = SDKROOT; };
		7B40E0861832DBE4008AAAB9 /* MapKit.framework */ = {isa = PBXFileReference; lastKnownFileType = wrapper.framework; name = MapKit.framework; path = System/Library/Frameworks/MapKit.framework; sourceTree = SDKROOT; };
		7B40E08B1832E11C008AAAB9 /* GoogleMaps.bundle */ = {isa = PBXFileReference; lastKnownFileType = "wrapper.plug-in"; name = GoogleMaps.bundle; path = "../../../../../Downloads/GoogleMaps-iOS-1.5.0 2/GoogleMaps.framework/Versions/A/Resources/GoogleMaps.bundle"; sourceTree = "<group>"; };
		7B40E08D1832E148008AAAB9 /* AVFoundation.framework */ = {isa = PBXFileReference; lastKnownFileType = wrapper.framework; name = AVFoundation.framework; path = System/Library/Frameworks/AVFoundation.framework; sourceTree = SDKROOT; };
		7B40E08F1832E154008AAAB9 /* CoreText.framework */ = {isa = PBXFileReference; lastKnownFileType = wrapper.framework; name = CoreText.framework; path = System/Library/Frameworks/CoreText.framework; sourceTree = SDKROOT; };
		7B40E0911832E159008AAAB9 /* GLKit.framework */ = {isa = PBXFileReference; lastKnownFileType = wrapper.framework; name = GLKit.framework; path = System/Library/Frameworks/GLKit.framework; sourceTree = SDKROOT; };
		7B40E0931832E15F008AAAB9 /* ImageIO.framework */ = {isa = PBXFileReference; lastKnownFileType = wrapper.framework; name = ImageIO.framework; path = System/Library/Frameworks/ImageIO.framework; sourceTree = SDKROOT; };
		7B40E0951832E169008AAAB9 /* libc++.dylib */ = {isa = PBXFileReference; lastKnownFileType = "compiled.mach-o.dylib"; name = "libc++.dylib"; path = "usr/lib/libc++.dylib"; sourceTree = SDKROOT; };
		7B40E0971832E175008AAAB9 /* libicucore.dylib */ = {isa = PBXFileReference; lastKnownFileType = "compiled.mach-o.dylib"; name = libicucore.dylib; path = usr/lib/libicucore.dylib; sourceTree = SDKROOT; };
		7B40E0991832E17A008AAAB9 /* libz.dylib */ = {isa = PBXFileReference; lastKnownFileType = "compiled.mach-o.dylib"; name = libz.dylib; path = usr/lib/libz.dylib; sourceTree = SDKROOT; };
		7B40E09B1832E180008AAAB9 /* OpenGLES.framework */ = {isa = PBXFileReference; lastKnownFileType = wrapper.framework; name = OpenGLES.framework; path = System/Library/Frameworks/OpenGLES.framework; sourceTree = SDKROOT; };
		7B40E09D1832E189008AAAB9 /* QuartzCore.framework */ = {isa = PBXFileReference; lastKnownFileType = wrapper.framework; name = QuartzCore.framework; path = System/Library/Frameworks/QuartzCore.framework; sourceTree = SDKROOT; };
		7B40E09F1832E195008AAAB9 /* SystemConfiguration.framework */ = {isa = PBXFileReference; lastKnownFileType = wrapper.framework; name = SystemConfiguration.framework; path = System/Library/Frameworks/SystemConfiguration.framework; sourceTree = SDKROOT; };
		7B40E0A11832E305008AAAB9 /* GoogleMaps.framework */ = {isa = PBXFileReference; lastKnownFileType = wrapper.framework; path = GoogleMaps.framework; sourceTree = "<group>"; };
		7B40E0A31832E42B008AAAB9 /* CoreData.framework */ = {isa = PBXFileReference; lastKnownFileType = wrapper.framework; name = CoreData.framework; path = System/Library/Frameworks/CoreData.framework; sourceTree = SDKROOT; };
/* End PBXFileReference section */

/* Begin PBXFrameworksBuildPhase section */
		7B40E03E1832CE38008AAAB9 /* Frameworks */ = {
			isa = PBXFrameworksBuildPhase;
			buildActionMask = 2147483647;
			files = (
				7B40E0A41832E42B008AAAB9 /* CoreData.framework in Frameworks */,
				7B40E0A01832E195008AAAB9 /* SystemConfiguration.framework in Frameworks */,
				7B40E09E1832E189008AAAB9 /* QuartzCore.framework in Frameworks */,
				7B40E09C1832E180008AAAB9 /* OpenGLES.framework in Frameworks */,
				7B40E09A1832E17A008AAAB9 /* libz.dylib in Frameworks */,
				7B40E0981832E175008AAAB9 /* libicucore.dylib in Frameworks */,
				7B40E0961832E169008AAAB9 /* libc++.dylib in Frameworks */,
				7B40E0941832E15F008AAAB9 /* ImageIO.framework in Frameworks */,
				7B40E0921832E159008AAAB9 /* GLKit.framework in Frameworks */,
				7B40E0901832E154008AAAB9 /* CoreText.framework in Frameworks */,
				7B40E08E1832E148008AAAB9 /* AVFoundation.framework in Frameworks */,
				7B40E0851832DBDA008AAAB9 /* CoreLocation.framework in Frameworks */,
				7B40E0831832DBD5008AAAB9 /* AddressBook.framework in Frameworks */,
				7B40E0471832CE38008AAAB9 /* CoreGraphics.framework in Frameworks */,
				7B40E0491832CE38008AAAB9 /* UIKit.framework in Frameworks */,
				7B40E0A21832E305008AAAB9 /* GoogleMaps.framework in Frameworks */,
				7B40E0451832CE38008AAAB9 /* Foundation.framework in Frameworks */,
			);
			runOnlyForDeploymentPostprocessing = 0;
		};
		7B40E05F1832CE38008AAAB9 /* Frameworks */ = {
			isa = PBXFrameworksBuildPhase;
			buildActionMask = 2147483647;
			files = (
				7B40E0641832CE38008AAAB9 /* XCTest.framework in Frameworks */,
				7B40E0661832CE39008AAAB9 /* UIKit.framework in Frameworks */,
				7B40E0651832CE39008AAAB9 /* Foundation.framework in Frameworks */,
			);
			runOnlyForDeploymentPostprocessing = 0;
		};
/* End PBXFrameworksBuildPhase section */

/* Begin PBXGroup section */
		7B40E0381832CE38008AAAB9 = {
			isa = PBXGroup;
			children = (
				7B40E04A1832CE38008AAAB9 /* TripCalculator */,
				7B40E0691832CE39008AAAB9 /* TripCalculatorTests */,
				7B40E0431832CE38008AAAB9 /* Frameworks */,
				7B40E0421832CE38008AAAB9 /* Products */,
			);
			sourceTree = "<group>";
		};
		7B40E0421832CE38008AAAB9 /* Products */ = {
			isa = PBXGroup;
			children = (
				7B40E0411832CE38008AAAB9 /* TripCalculator.app */,
				7B40E0621832CE38008AAAB9 /* TripCalculatorTests.xctest */,
			);
			name = Products;
			sourceTree = "<group>";
		};
		7B40E0431832CE38008AAAB9 /* Frameworks */ = {
			isa = PBXGroup;
			children = (
				7B0EAE04183D28C70057D871 /* GoogleMaps.bundle */,
				7B40E0A31832E42B008AAAB9 /* CoreData.framework */,
				7B40E0A11832E305008AAAB9 /* GoogleMaps.framework */,
				7B40E09F1832E195008AAAB9 /* SystemConfiguration.framework */,
				7B40E09D1832E189008AAAB9 /* QuartzCore.framework */,
				7B40E09B1832E180008AAAB9 /* OpenGLES.framework */,
				7B40E0991832E17A008AAAB9 /* libz.dylib */,
				7B40E0971832E175008AAAB9 /* libicucore.dylib */,
				7B40E0951832E169008AAAB9 /* libc++.dylib */,
				7B40E0931832E15F008AAAB9 /* ImageIO.framework */,
				7B40E0911832E159008AAAB9 /* GLKit.framework */,
				7B40E08F1832E154008AAAB9 /* CoreText.framework */,
				7B40E08D1832E148008AAAB9 /* AVFoundation.framework */,
				7B40E0861832DBE4008AAAB9 /* MapKit.framework */,
				7B40E0841832DBDA008AAAB9 /* CoreLocation.framework */,
				7B40E0821832DBD5008AAAB9 /* AddressBook.framework */,
				7B40E0441832CE38008AAAB9 /* Foundation.framework */,
				7B40E0461832CE38008AAAB9 /* CoreGraphics.framework */,
				7B40E0481832CE38008AAAB9 /* UIKit.framework */,
				7B40E0631832CE38008AAAB9 /* XCTest.framework */,
			);
			name = Frameworks;
			sourceTree = "<group>";
		};
		7B40E04A1832CE38008AAAB9 /* TripCalculator */ = {
			isa = PBXGroup;
			children = (
				7B0EAE06183D40380057D871 /* jjkMapServices.h */,
				7B0EAE07183D40380057D871 /* jjkMapServices.m */,
				7B40E07B1832D345008AAAB9 /* jjkMapViewController.h */,
				7B40E07C1832D345008AAAB9 /* jjkMapViewController.m */,
				7B40E0531832CE38008AAAB9 /* jjkAppDelegate.h */,
				7B40E0541832CE38008AAAB9 /* jjkAppDelegate.m */,
				7B40E0561832CE38008AAAB9 /* Main.storyboard */,
				7B40E0591832CE38008AAAB9 /* jjkViewController.h */,
				7B40E05A1832CE38008AAAB9 /* jjkViewController.m */,
				7B40E05C1832CE38008AAAB9 /* Images.xcassets */,
				7B40E04B1832CE38008AAAB9 /* Supporting Files */,
			);
			path = TripCalculator;
			sourceTree = "<group>";
		};
		7B40E04B1832CE38008AAAB9 /* Supporting Files */ = {
			isa = PBXGroup;
			children = (
				7B40E08B1832E11C008AAAB9 /* GoogleMaps.bundle */,
				7B40E07E1832D700008AAAB9 /* route.png */,
				7B40E04C1832CE38008AAAB9 /* TripCalculator-Info.plist */,
				7B40E04D1832CE38008AAAB9 /* InfoPlist.strings */,
				7B40E0501832CE38008AAAB9 /* main.m */,
				7B40E0521832CE38008AAAB9 /* TripCalculator-Prefix.pch */,
			);
			name = "Supporting Files";
			sourceTree = "<group>";
		};
		7B40E0691832CE39008AAAB9 /* TripCalculatorTests */ = {
			isa = PBXGroup;
			children = (
				7B40E06F1832CE39008AAAB9 /* TripCalculatorTests.m */,
				7B40E06A1832CE39008AAAB9 /* Supporting Files */,
			);
			path = TripCalculatorTests;
			sourceTree = "<group>";
		};
		7B40E06A1832CE39008AAAB9 /* Supporting Files */ = {
			isa = PBXGroup;
			children = (
				7B40E06B1832CE39008AAAB9 /* TripCalculatorTests-Info.plist */,
				7B40E06C1832CE39008AAAB9 /* InfoPlist.strings */,
			);
			name = "Supporting Files";
			sourceTree = "<group>";
		};
/* End PBXGroup section */

/* Begin PBXNativeTarget section */
		7B40E0401832CE38008AAAB9 /* TripCalculator */ = {
			isa = PBXNativeTarget;
			buildConfigurationList = 7B40E0731832CE39008AAAB9 /* Build configuration list for PBXNativeTarget "TripCalculator" */;
			buildPhases = (
				7B40E03D1832CE38008AAAB9 /* Sources */,
				7B40E03E1832CE38008AAAB9 /* Frameworks */,
				7B40E03F1832CE38008AAAB9 /* Resources */,
			);
			buildRules = (
			);
			dependencies = (
			);
			name = TripCalculator;
			productName = TripCalculator;
			productReference = 7B40E0411832CE38008AAAB9 /* TripCalculator.app */;
			productType = "com.apple.product-type.application";
		};
		7B40E0611832CE38008AAAB9 /* TripCalculatorTests */ = {
			isa = PBXNativeTarget;
			buildConfigurationList = 7B40E0761832CE39008AAAB9 /* Build configuration list for PBXNativeTarget "TripCalculatorTests" */;
			buildPhases = (
				7B40E05E1832CE38008AAAB9 /* Sources */,
				7B40E05F1832CE38008AAAB9 /* Frameworks */,
				7B40E0601832CE38008AAAB9 /* Resources */,
			);
			buildRules = (
			);
			dependencies = (
				7B40E0681832CE39008AAAB9 /* PBXTargetDependency */,
			);
			name = TripCalculatorTests;
			productName = TripCalculatorTests;
			productReference = 7B40E0621832CE38008AAAB9 /* TripCalculatorTests.xctest */;
			productType = "com.apple.product-type.bundle.unit-test";
		};
/* End PBXNativeTarget section */

/* Begin PBXProject section */
		7B40E0391832CE38008AAAB9 /* Project object */ = {
			isa = PBXProject;
			attributes = {
				CLASSPREFIX = jjk;
				LastUpgradeCheck = 0500;
				ORGANIZATIONNAME = "Joshua Kuiros";
				TargetAttributes = {
					7B40E0611832CE38008AAAB9 = {
						TestTargetID = 7B40E0401832CE38008AAAB9;
					};
				};
			};
			buildConfigurationList = 7B40E03C1832CE38008AAAB9 /* Build configuration list for PBXProject "TripCalculator" */;
			compatibilityVersion = "Xcode 3.2";
			developmentRegion = English;
			hasScannedForEncodings = 0;
			knownRegions = (
				en,
				Base,
			);
			mainGroup = 7B40E0381832CE38008AAAB9;
			productRefGroup = 7B40E0421832CE38008AAAB9 /* Products */;
			projectDirPath = "";
			projectRoot = "";
			targets = (
				7B40E0401832CE38008AAAB9 /* TripCalculator */,
				7B40E0611832CE38008AAAB9 /* TripCalculatorTests */,
			);
		};
/* End PBXProject section */

/* Begin PBXResourcesBuildPhase section */
		7B40E03F1832CE38008AAAB9 /* Resources */ = {
			isa = PBXResourcesBuildPhase;
			buildActionMask = 2147483647;
			files = (
				7B40E05D1832CE38008AAAB9 /* Images.xcassets in Resources */,
				7B40E04F1832CE38008AAAB9 /* InfoPlist.strings in Resources */,
				7B40E0581832CE38008AAAB9 /* Main.storyboard in Resources */,
				7B40E07F1832D700008AAAB9 /* route.png in Resources */,
				7B40E08C1832E11C008AAAB9 /* GoogleMaps.bundle in Resources */,
			);
			runOnlyForDeploymentPostprocessing = 0;
		};
		7B40E0601832CE38008AAAB9 /* Resources */ = {
			isa = PBXResourcesBuildPhase;
			buildActionMask = 2147483647;
			files = (
				7B40E06E1832CE39008AAAB9 /* InfoPlist.strings in Resources */,
				7B0EAE05183D28C70057D871 /* GoogleMaps.bundle in Resources */,
			);
			runOnlyForDeploymentPostprocessing = 0;
		};
/* End PBXResourcesBuildPhase section */

/* Begin PBXSourcesBuildPhase section */
		7B40E03D1832CE38008AAAB9 /* Sources */ = {
			isa = PBXSourcesBuildPhase;
			buildActionMask = 2147483647;
			files = (
				7B40E05B1832CE38008AAAB9 /* jjkViewController.m in Sources */,
				7B40E07D1832D345008AAAB9 /* jjkMapViewController.m in Sources */,
				7B0EAE08183D40380057D871 /* jjkMapServices.m in Sources */,
				7B40E0551832CE38008AAAB9 /* jjkAppDelegate.m in Sources */,
				7B40E0511832CE38008AAAB9 /* main.m in Sources */,
			);
			runOnlyForDeploymentPostprocessing = 0;
		};
		7B40E05E1832CE38008AAAB9 /* Sources */ = {
			isa = PBXSourcesBuildPhase;
			buildActionMask = 2147483647;
			files = (
				7B40E0701832CE39008AAAB9 /* TripCalculatorTests.m in Sources */,
			);
			runOnlyForDeploymentPostprocessing = 0;
		};
/* End PBXSourcesBuildPhase section */

/* Begin PBXTargetDependency section */
		7B40E0681832CE39008AAAB9 /* PBXTargetDependency */ = {
			isa = PBXTargetDependency;
			target = 7B40E0401832CE38008AAAB9 /* TripCalculator */;
			targetProxy = 7B40E0671832CE39008AAAB9 /* PBXContainerItemProxy */;
		};
/* End PBXTargetDependency section */

/* Begin PBXVariantGroup section */
		7B40E04D1832CE38008AAAB9 /* InfoPlist.strings */ = {
			isa = PBXVariantGroup;
			children = (
				7B40E04E1832CE38008AAAB9 /* en */,
			);
			name = InfoPlist.strings;
			sourceTree = "<group>";
		};
		7B40E0561832CE38008AAAB9 /* Main.storyboard */ = {
			isa = PBXVariantGroup;
			children = (
				7B40E0571832CE38008AAAB9 /* Base */,
			);
			name = Main.storyboard;
			sourceTree = "<group>";
		};
		7B40E06C1832CE39008AAAB9 /* InfoPlist.strings */ = {
			isa = PBXVariantGroup;
			children = (
				7B40E06D1832CE39008AAAB9 /* en */,
			);
			name = InfoPlist.strings;
			sourceTree = "<group>";
		};
/* End PBXVariantGroup section */

/* Begin XCBuildConfiguration section */
		7B40E0711832CE39008AAAB9 /* Debug */ = {
			isa = XCBuildConfiguration;
			buildSettings = {
				ALWAYS_SEARCH_USER_PATHS = NO;
				ARCHS = "$(ARCHS_STANDARD_INCLUDING_64_BIT)";
				CLANG_CXX_LANGUAGE_STANDARD = "gnu++0x";
				CLANG_CXX_LIBRARY = "libc++";
				CLANG_ENABLE_MODULES = YES;
				CLANG_ENABLE_OBJC_ARC = YES;
				CLANG_WARN_BOOL_CONVERSION = YES;
				CLANG_WARN_CONSTANT_CONVERSION = YES;
				CLANG_WARN_DIRECT_OBJC_ISA_USAGE = YES_ERROR;
				CLANG_WARN_EMPTY_BODY = YES;
				CLANG_WARN_ENUM_CONVERSION = YES;
				CLANG_WARN_INT_CONVERSION = YES;
				CLANG_WARN_OBJC_ROOT_CLASS = YES_ERROR;
				CLANG_WARN__DUPLICATE_METHOD_MATCH = YES;
				"CODE_SIGN_IDENTITY[sdk=iphoneos*]" = "iPhone Developer";
				COPY_PHASE_STRIP = NO;
				GCC_C_LANGUAGE_STANDARD = gnu99;
				GCC_DYNAMIC_NO_PIC = NO;
				GCC_OPTIMIZATION_LEVEL = 0;
				GCC_PREPROCESSOR_DEFINITIONS = (
					"DEBUG=1",
					"$(inherited)",
				);
				GCC_SYMBOLS_PRIVATE_EXTERN = NO;
				GCC_WARN_64_TO_32_BIT_CONVERSION = YES;
				GCC_WARN_ABOUT_RETURN_TYPE = YES_ERROR;
				GCC_WARN_UNDECLARED_SELECTOR = YES;
				GCC_WARN_UNINITIALIZED_AUTOS = YES;
				GCC_WARN_UNUSED_FUNCTION = YES;
				GCC_WARN_UNUSED_VARIABLE = YES;
				IPHONEOS_DEPLOYMENT_TARGET = 7.0;
				ONLY_ACTIVE_ARCH = YES;
				OTHER_LDFLAGS = "-ObjC";
				SDKROOT = iphoneos;
			};
			name = Debug;
		};
		7B40E0721832CE39008AAAB9 /* Release */ = {
			isa = XCBuildConfiguration;
			buildSettings = {
				ALWAYS_SEARCH_USER_PATHS = NO;
				ARCHS = "$(ARCHS_STANDARD_INCLUDING_64_BIT)";
				CLANG_CXX_LANGUAGE_STANDARD = "gnu++0x";
				CLANG_CXX_LIBRARY = "libc++";
				CLANG_ENABLE_MODULES = YES;
				CLANG_ENABLE_OBJC_ARC = YES;
				CLANG_WARN_BOOL_CONVERSION = YES;
				CLANG_WARN_CONSTANT_CONVERSION = YES;
				CLANG_WARN_DIRECT_OBJC_ISA_USAGE = YES_ERROR;
				CLANG_WARN_EMPTY_BODY = YES;
				CLANG_WARN_ENUM_CONVERSION = YES;
				CLANG_WARN_INT_CONVERSION = YES;
				CLANG_WARN_OBJC_ROOT_CLASS = YES_ERROR;
				CLANG_WARN__DUPLICATE_METHOD_MATCH = YES;
				"CODE_SIGN_IDENTITY[sdk=iphoneos*]" = "iPhone Developer";
				COPY_PHASE_STRIP = YES;
				ENABLE_NS_ASSERTIONS = NO;
				GCC_C_LANGUAGE_STANDARD = gnu99;
				GCC_WARN_64_TO_32_BIT_CONVERSION = YES;
				GCC_WARN_ABOUT_RETURN_TYPE = YES_ERROR;
				GCC_WARN_UNDECLARED_SELECTOR = YES;
				GCC_WARN_UNINITIALIZED_AUTOS = YES;
				GCC_WARN_UNUSED_FUNCTION = YES;
				GCC_WARN_UNUSED_VARIABLE = YES;
				IPHONEOS_DEPLOYMENT_TARGET = 7.0;
				OTHER_LDFLAGS = "-ObjC";
				SDKROOT = iphoneos;
				VALIDATE_PRODUCT = YES;
			};
			name = Release;
		};
		7B40E0741832CE39008AAAB9 /* Debug */ = {
			isa = XCBuildConfiguration;
			buildSettings = {
				ASSETCATALOG_COMPILER_APPICON_NAME = AppIcon;
				ASSETCATALOG_COMPILER_LAUNCHIMAGE_NAME = LaunchImage;
				FRAMEWORK_SEARCH_PATHS = (
					"$(inherited)",
					"/Users/JoshuaKuiros/Downloads/GoogleMaps-iOS-1.5.0",
					"/Users/JoshuaKuiros/Downloads/GoogleMaps-iOS-1.5.0/GoogleMapsSDKDemos",
					/Users/JoshuaKuiros/Desktop/Repos/TripCalculator/TripCalculator,
				);
				GCC_PRECOMPILE_PREFIX_HEADER = YES;
				GCC_PREFIX_HEADER = "TripCalculator/TripCalculator-Prefix.pch";
				INFOPLIST_FILE = "TripCalculator/TripCalculator-Info.plist";
				PRODUCT_NAME = "$(TARGET_NAME)";
				WRAPPER_EXTENSION = app;
			};
			name = Debug;
		};
		7B40E0751832CE39008AAAB9 /* Release */ = {
			isa = XCBuildConfiguration;
			buildSettings = {
				ASSETCATALOG_COMPILER_APPICON_NAME = AppIcon;
				ASSETCATALOG_COMPILER_LAUNCHIMAGE_NAME = LaunchImage;
				FRAMEWORK_SEARCH_PATHS = (
					"$(inherited)",
					"/Users/JoshuaKuiros/Downloads/GoogleMaps-iOS-1.5.0",
					"/Users/JoshuaKuiros/Downloads/GoogleMaps-iOS-1.5.0/GoogleMapsSDKDemos",
					/Users/JoshuaKuiros/Desktop/Repos/TripCalculator/TripCalculator,
				);
				GCC_PRECOMPILE_PREFIX_HEADER = YES;
				GCC_PREFIX_HEADER = "TripCalculator/TripCalculator-Prefix.pch";
				INFOPLIST_FILE = "TripCalculator/TripCalculator-Info.plist";
				PRODUCT_NAME = "$(TARGET_NAME)";
				WRAPPER_EXTENSION = app;
			};
			name = Release;
		};
		7B40E0771832CE39008AAAB9 /* Debug */ = {
			isa = XCBuildConfiguration;
			buildSettings = {
				ARCHS = "$(ARCHS_STANDARD_INCLUDING_64_BIT)";
				BUNDLE_LOADER = "$(BUILT_PRODUCTS_DIR)/TripCalculator.app/TripCalculator";
				FRAMEWORK_SEARCH_PATHS = (
					"$(SDKROOT)/Developer/Library/Frameworks",
					"$(inherited)",
					"$(DEVELOPER_FRAMEWORKS_DIR)",
				);
				GCC_PRECOMPILE_PREFIX_HEADER = YES;
				GCC_PREFIX_HEADER = "TripCalculator/TripCalculator-Prefix.pch";
				GCC_PREPROCESSOR_DEFINITIONS = (
					"DEBUG=1",
					"$(inherited)",
				);
				INFOPLIST_FILE = "TripCalculatorTests/TripCalculatorTests-Info.plist";
				PRODUCT_NAME = "$(TARGET_NAME)";
				TEST_HOST = "$(BUNDLE_LOADER)";
				WRAPPER_EXTENSION = xctest;
			};
			name = Debug;
		};
		7B40E0781832CE39008AAAB9 /* Release */ = {
			isa = XCBuildConfiguration;
			buildSettings = {
				ARCHS = "$(ARCHS_STANDARD_INCLUDING_64_BIT)";
				BUNDLE_LOADER = "$(BUILT_PRODUCTS_DIR)/TripCalculator.app/TripCalculator";
				FRAMEWORK_SEARCH_PATHS = (
					"$(SDKROOT)/Developer/Library/Frameworks",
					"$(inherited)",
					"$(DEVELOPER_FRAMEWORKS_DIR)",
				);
				GCC_PRECOMPILE_PREFIX_HEADER = YES;
				GCC_PREFIX_HEADER = "TripCalculator/TripCalculator-Prefix.pch";
				INFOPLIST_FILE = "TripCalculatorTests/TripCalculatorTests-Info.plist";
				PRODUCT_NAME = "$(TARGET_NAME)";
				TEST_HOST = "$(BUNDLE_LOADER)";
				WRAPPER_EXTENSION = xctest;
			};
			name = Release;
		};
/* End XCBuildConfiguration section */

/* Begin XCConfigurationList section */
		7B40E03C1832CE38008AAAB9 /* Build configuration list for PBXProject "TripCalculator" */ = {
			isa = XCConfigurationList;
			buildConfigurations = (
				7B40E0711832CE39008AAAB9 /* Debug */,
				7B40E0721832CE39008AAAB9 /* Release */,
			);
			defaultConfigurationIsVisible = 0;
			defaultConfigurationName = Release;
		};
		7B40E0731832CE39008AAAB9 /* Build configuration list for PBXNativeTarget "TripCalculator" */ = {
			isa = XCConfigurationList;
			buildConfigurations = (
				7B40E0741832CE39008AAAB9 /* Debug */,
				7B40E0751832CE39008AAAB9 /* Release */,
			);
			defaultConfigurationIsVisible = 0;
			defaultConfigurationName = Release;
		};
		7B40E0761832CE39008AAAB9 /* Build configuration list for PBXNativeTarget "TripCalculatorTests" */ = {
			isa = XCConfigurationList;
			buildConfigurations = (
				7B40E0771832CE39008AAAB9 /* Debug */,
				7B40E0781832CE39008AAAB9 /* Release */,
			);
			defaultConfigurationIsVisible = 0;
			defaultConfigurationName = Release;
		};
/* End XCConfigurationList section */
	};
	rootObject = 7B40E0391832CE38008AAAB9 /* Project object */;
}
