// !$*UTF8*$!
{
	archiveVersion = 1;
	classes = {
	};
	objectVersion = 46;
	objects = {

/* Begin PBXBuildFile section */
		7B40E0451832CE38008AAAB9 /* Foundation.framework in Frameworks */ = {isa = PBXBuildFile; fileRef = 7B40E0441832CE38008AAAB9 /* Foundation.framework */; };
		7B40E0471832CE38008AAAB9 /* CoreGraphics.framework in Frameworks */ = {isa = PBXBuildFile; fileRef = 7B40E0461832CE38008AAAB9 /* CoreGraphics.framework */; };
		7B40E0491832CE38008AAAB9 /* UIKit.framework in Frameworks */ = {isa = PBXBuildFile; fileRef = 7B40E0481832CE38008AAAB9 /* UIKit.framework */; };
		7B40E04F1832CE38008AAAB9 /* InfoPlist.strings in Resources */ = {isa = PBXBuildFile; fileRef = 7B40E04D1832CE38008AAAB9 /* InfoPlist.strings */; };
		7B40E0511832CE38008AAAB9 /* main.m in Sources */ = {isa = PBXBuildFile; fileRef = 7B40E0501832CE38008AAAB9 /* main.m */; };
		7B40E0551832CE38008AAAB9 /* jjkAppDelegate.m in Sources */ = {isa = PBXBuildFile; fileRef = 7B40E0541832CE38008AAAB9 /* jjkAppDelegate.m */; };
		7B40E05B1832CE38008AAAB9 /* jjkViewController.m in Sources */ = {isa = PBXBuildFile; fileRef = 7B40E05A1832CE38008AAAB9 /* jjkViewController.m */; };
		7B40E05D1832CE38008AAAB9 /* Images.xcassets in Resources */ = {isa = PBXBuildFile; fileRef = 7B40E05C1832CE38008AAAB9 /* Images.xcassets */; };
		7B40E0651832CE39008AAAB9 /* Foundation.framework in Frameworks */ = {isa = PBXBuildFile; fileRef = 7B40E0441832CE38008AAAB9 /* Foundation.framework */; };
		7B40E0661832CE39008AAAB9 /* UIKit.framework in Frameworks */ = {isa = PBXBuildFile; fileRef = 7B40E0481832CE38008AAAB9 /* UIKit.framework */; };
		7B40E06E1832CE39008AAAB9 /* InfoPlist.strings in Resources */ = {isa = PBXBuildFile; fileRef = 7B40E06C1832CE39008AAAB9 /* InfoPlist.strings */; };
		7B40E0701832CE39008AAAB9 /* TripCalculatorTests.m in Sources */ = {isa = PBXBuildFile; fileRef = 7B40E06F1832CE39008AAAB9 /* TripCalculatorTests.m */; };
		7B40E07D1832D345008AAAB9 /* jjkMapViewController.m in Sources */ = {isa = PBXBuildFile; fileRef = 7B40E07C1832D345008AAAB9 /* jjkMapViewController.m */; };
		7B40E07F1832D700008AAAB9 /* route.png in Resources */ = {isa = PBXBuildFile; fileRef = 7B40E07E1832D700008AAAB9 /* route.png */; };
		7B40E0831832DBD5008AAAB9 /* AddressBook.framework in Frameworks */ = {isa = PBXBuildFile; fileRef = 7B40E0821832DBD5008AAAB9 /* AddressBook.framework */; };
		7B40E0851832DBDA008AAAB9 /* CoreLocation.framework in Frameworks */ = {isa = PBXBuildFile; fileRef = 7B40E0841832DBDA008AAAB9 /* CoreLocation.framework */; };
		7B40E0A41832E42B008AAAB9 /* CoreData.framework in Frameworks */ = {isa = PBXBuildFile; fileRef = 7B40E0A31832E42B008AAAB9 /* CoreData.framework */; };
		7B42B1731851293F0037C5FE /* jjkResultsTableViewController.m in Sources */ = {isa = PBXBuildFile; fileRef = 7B42B1721851293F0037C5FE /* jjkResultsTableViewController.m */; };
		7B42B17918513A590037C5FE /* jjkResultsCell.m in Sources */ = {isa = PBXBuildFile; fileRef = 7B42B17818513A590037C5FE /* jjkResultsCell.m */; };
		7B42B17C185145CA0037C5FE /* jjkGraphViewController.m in Sources */ = {isa = PBXBuildFile; fileRef = 7B42B17B185145CA0037C5FE /* jjkGraphViewController.m */; };
		7B42B1CD1851489B0037C5FE /* libCorePlot-CocoaTouch.a in Frameworks */ = {isa = PBXBuildFile; fileRef = 7B42B1CC1851489B0037C5FE /* libCorePlot-CocoaTouch.a */; };
		7B42B1CF185149000037C5FE /* QuartzCore.framework in Frameworks */ = {isa = PBXBuildFile; fileRef = 7B42B1CE185148FF0037C5FE /* QuartzCore.framework */; };
		7B42B1D118514B6D0037C5FE /* Accelerate.framework in Frameworks */ = {isa = PBXBuildFile; fileRef = 7B42B1D018514B6D0037C5FE /* Accelerate.framework */; };
		7B8D0168184D833200FE2337 /* Main.storyboard in Resources */ = {isa = PBXBuildFile; fileRef = 7B40E0561832CE38008AAAB9 /* Main.storyboard */; };
		7B8D0169184D86DC00FE2337 /* MapKit.framework in Frameworks */ = {isa = PBXBuildFile; fileRef = 7B40E0861832DBE4008AAAB9 /* MapKit.framework */; };
/* End PBXBuildFile section */

/* Begin PBXContainerItemProxy section */
		7B40E0671832CE39008AAAB9 /* PBXContainerItemProxy */ = {
			isa = PBXContainerItemProxy;
			containerPortal = 7B40E0391832CE38008AAAB9 /* Project object */;
			proxyType = 1;
			remoteGlobalIDString = 7B40E0401832CE38008AAAB9;
			remoteInfo = TripCalculator;
		};
/* End PBXContainerItemProxy section */

/* Begin PBXFileReference section */
		7B40E0411832CE38008AAAB9 /* TripCalculator.app */ = {isa = PBXFileReference; explicitFileType = wrapper.application; includeInIndex = 0; path = TripCalculator.app; sourceTree = BUILT_PRODUCTS_DIR; };
		7B40E0441832CE38008AAAB9 /* Foundation.framework */ = {isa = PBXFileReference; lastKnownFileType = wrapper.framework; name = Foundation.framework; path = System/Library/Frameworks/Foundation.framework; sourceTree = SDKROOT; };
		7B40E0461832CE38008AAAB9 /* CoreGraphics.framework */ = {isa = PBXFileReference; lastKnownFileType = wrapper.framework; name = CoreGraphics.framework; path = System/Library/Frameworks/CoreGraphics.framework; sourceTree = SDKROOT; };
		7B40E0481832CE38008AAAB9 /* UIKit.framework */ = {isa = PBXFileReference; lastKnownFileType = wrapper.framework; name = UIKit.framework; path = System/Library/Frameworks/UIKit.framework; sourceTree = SDKROOT; };
		7B40E04C1832CE38008AAAB9 /* TripCalculator-Info.plist */ = {isa = PBXFileReference; lastKnownFileType = text.plist.xml; path = "TripCalculator-Info.plist"; sourceTree = "<group>"; };
		7B40E04E1832CE38008AAAB9 /* en */ = {isa = PBXFileReference; lastKnownFileType = text.plist.strings; name = en; path = en.lproj/InfoPlist.strings; sourceTree = "<group>"; };
		7B40E0501832CE38008AAAB9 /* main.m */ = {isa = PBXFileReference; lastKnownFileType = sourcecode.c.objc; path = main.m; sourceTree = "<group>"; };
		7B40E0521832CE38008AAAB9 /* TripCalculator-Prefix.pch */ = {isa = PBXFileReference; lastKnownFileType = sourcecode.c.h; path = "TripCalculator-Prefix.pch"; sourceTree = "<group>"; };
		7B40E0531832CE38008AAAB9 /* jjkAppDelegate.h */ = {isa = PBXFileReference; lastKnownFileType = sourcecode.c.h; path = jjkAppDelegate.h; sourceTree = "<group>"; };
		7B40E0541832CE38008AAAB9 /* jjkAppDelegate.m */ = {isa = PBXFileReference; lastKnownFileType = sourcecode.c.objc; path = jjkAppDelegate.m; sourceTree = "<group>"; };
		7B40E0571832CE38008AAAB9 /* Base */ = {isa = PBXFileReference; lastKnownFileType = file.storyboard; name = Base; path = Base.lproj/Main.storyboard; sourceTree = "<group>"; };
		7B40E0591832CE38008AAAB9 /* jjkViewController.h */ = {isa = PBXFileReference; lastKnownFileType = sourcecode.c.h; path = jjkViewController.h; sourceTree = "<group>"; };
		7B40E05A1832CE38008AAAB9 /* jjkViewController.m */ = {isa = PBXFileReference; lastKnownFileType = sourcecode.c.objc; path = jjkViewController.m; sourceTree = "<group>"; };
		7B40E05C1832CE38008AAAB9 /* Images.xcassets */ = {isa = PBXFileReference; lastKnownFileType = folder.assetcatalog; path = Images.xcassets; sourceTree = "<group>"; };
		7B40E0621832CE38008AAAB9 /* TripCalculatorTests.xctest */ = {isa = PBXFileReference; explicitFileType = wrapper.cfbundle; includeInIndex = 0; path = TripCalculatorTests.xctest; sourceTree = BUILT_PRODUCTS_DIR; };
		7B40E06B1832CE39008AAAB9 /* TripCalculatorTests-Info.plist */ = {isa = PBXFileReference; lastKnownFileType = text.plist.xml; path = "TripCalculatorTests-Info.plist"; sourceTree = "<group>"; };
		7B40E06D1832CE39008AAAB9 /* en */ = {isa = PBXFileReference; lastKnownFileType = text.plist.strings; name = en; path = en.lproj/InfoPlist.strings; sourceTree = "<group>"; };
		7B40E06F1832CE39008AAAB9 /* TripCalculatorTests.m */ = {isa = PBXFileReference; lastKnownFileType = sourcecode.c.objc; path = TripCalculatorTests.m; sourceTree = "<group>"; };
		7B40E07B1832D345008AAAB9 /* jjkMapViewController.h */ = {isa = PBXFileReference; fileEncoding = 4; lastKnownFileType = sourcecode.c.h; path = jjkMapViewController.h; sourceTree = "<group>"; };
		7B40E07C1832D345008AAAB9 /* jjkMapViewController.m */ = {isa = PBXFileReference; fileEncoding = 4; lastKnownFileType = sourcecode.c.objc; path = jjkMapViewController.m; sourceTree = "<group>"; };
		7B40E07E1832D700008AAAB9 /* route.png */ = {isa = PBXFileReference; lastKnownFileType = image.png; path = route.png; sourceTree = "<group>"; };
		7B40E0821832DBD5008AAAB9 /* AddressBook.framework */ = {isa = PBXFileReference; lastKnownFileType = wrapper.framework; name = AddressBook.framework; path = System/Library/Frameworks/AddressBook.framework; sourceTree = SDKROOT; };
		7B40E0841832DBDA008AAAB9 /* CoreLocation.framework */ = {isa = PBXFileReference; lastKnownFileType = wrapper.framework; name = CoreLocation.framework; path = System/Library/Frameworks/CoreLocation.framework; sourceTree = SDKROOT; };
		7B40E0861832DBE4008AAAB9 /* MapKit.framework */ = {isa = PBXFileReference; lastKnownFileType = wrapper.framework; name = MapKit.framework; path = System/Library/Frameworks/MapKit.framework; sourceTree = SDKROOT; };
		7B40E0A31832E42B008AAAB9 /* CoreData.framework */ = {isa = PBXFileReference; lastKnownFileType = wrapper.framework; name = CoreData.framework; path = System/Library/Frameworks/CoreData.framework; sourceTree = SDKROOT; };
		7B42B1711851293F0037C5FE /* jjkResultsTableViewController.h */ = {isa = PBXFileReference; fileEncoding = 4; lastKnownFileType = sourcecode.c.h; path = jjkResultsTableViewController.h; sourceTree = "<group>"; };
		7B42B1721851293F0037C5FE /* jjkResultsTableViewController.m */ = {isa = PBXFileReference; fileEncoding = 4; lastKnownFileType = sourcecode.c.objc; path = jjkResultsTableViewController.m; sourceTree = "<group>"; };
		7B42B17718513A580037C5FE /* jjkResultsCell.h */ = {isa = PBXFileReference; fileEncoding = 4; lastKnownFileType = sourcecode.c.h; path = jjkResultsCell.h; sourceTree = "<group>"; };
		7B42B17818513A590037C5FE /* jjkResultsCell.m */ = {isa = PBXFileReference; fileEncoding = 4; lastKnownFileType = sourcecode.c.objc; path = jjkResultsCell.m; sourceTree = "<group>"; };
		7B42B17A185145CA0037C5FE /* jjkGraphViewController.h */ = {isa = PBXFileReference; fileEncoding = 4; lastKnownFileType = sourcecode.c.h; path = jjkGraphViewController.h; sourceTree = "<group>"; };
		7B42B17B185145CA0037C5FE /* jjkGraphViewController.m */ = {isa = PBXFileReference; fileEncoding = 4; lastKnownFileType = sourcecode.c.objc; path = jjkGraphViewController.m; sourceTree = "<group>"; };
		7B42B17E1851489A0037C5FE /* CorePlot-CocoaTouch.h */ = {isa = PBXFileReference; fileEncoding = 4; lastKnownFileType = sourcecode.c.h; path = "CorePlot-CocoaTouch.h"; sourceTree = "<group>"; };
		7B42B17F1851489A0037C5FE /* CPTAnimation.h */ = {isa = PBXFileReference; fileEncoding = 4; lastKnownFileType = sourcecode.c.h; path = CPTAnimation.h; sourceTree = "<group>"; };
		7B42B1801851489A0037C5FE /* CPTAnimationOperation.h */ = {isa = PBXFileReference; fileEncoding = 4; lastKnownFileType = sourcecode.c.h; path = CPTAnimationOperation.h; sourceTree = "<group>"; };
		7B42B1811851489A0037C5FE /* CPTAnimationPeriod.h */ = {isa = PBXFileReference; fileEncoding = 4; lastKnownFileType = sourcecode.c.h; path = CPTAnimationPeriod.h; sourceTree = "<group>"; };
		7B42B1821851489A0037C5FE /* CPTAnnotation.h */ = {isa = PBXFileReference; fileEncoding = 4; lastKnownFileType = sourcecode.c.h; path = CPTAnnotation.h; sourceTree = "<group>"; };
		7B42B1831851489A0037C5FE /* CPTAnnotationHostLayer.h */ = {isa = PBXFileReference; fileEncoding = 4; lastKnownFileType = sourcecode.c.h; path = CPTAnnotationHostLayer.h; sourceTree = "<group>"; };
		7B42B1841851489A0037C5FE /* CPTAxis.h */ = {isa = PBXFileReference; fileEncoding = 4; lastKnownFileType = sourcecode.c.h; path = CPTAxis.h; sourceTree = "<group>"; };
		7B42B1851851489A0037C5FE /* CPTAxisLabel.h */ = {isa = PBXFileReference; fileEncoding = 4; lastKnownFileType = sourcecode.c.h; path = CPTAxisLabel.h; sourceTree = "<group>"; };
		7B42B1861851489A0037C5FE /* CPTAxisLabelGroup.h */ = {isa = PBXFileReference; fileEncoding = 4; lastKnownFileType = sourcecode.c.h; path = CPTAxisLabelGroup.h; sourceTree = "<group>"; };
		7B42B1871851489A0037C5FE /* CPTAxisSet.h */ = {isa = PBXFileReference; fileEncoding = 4; lastKnownFileType = sourcecode.c.h; path = CPTAxisSet.h; sourceTree = "<group>"; };
		7B42B1881851489A0037C5FE /* CPTAxisTitle.h */ = {isa = PBXFileReference; fileEncoding = 4; lastKnownFileType = sourcecode.c.h; path = CPTAxisTitle.h; sourceTree = "<group>"; };
		7B42B1891851489A0037C5FE /* CPTBarPlot.h */ = {isa = PBXFileReference; fileEncoding = 4; lastKnownFileType = sourcecode.c.h; path = CPTBarPlot.h; sourceTree = "<group>"; };
		7B42B18A1851489A0037C5FE /* CPTBorderedLayer.h */ = {isa = PBXFileReference; fileEncoding = 4; lastKnownFileType = sourcecode.c.h; path = CPTBorderedLayer.h; sourceTree = "<group>"; };
		7B42B18B1851489A0037C5FE /* CPTCalendarFormatter.h */ = {isa = PBXFileReference; fileEncoding = 4; lastKnownFileType = sourcecode.c.h; path = CPTCalendarFormatter.h; sourceTree = "<group>"; };
		7B42B18C1851489A0037C5FE /* CPTColor.h */ = {isa = PBXFileReference; fileEncoding = 4; lastKnownFileType = sourcecode.c.h; path = CPTColor.h; sourceTree = "<group>"; };
		7B42B18D1851489A0037C5FE /* CPTColorSpace.h */ = {isa = PBXFileReference; fileEncoding = 4; lastKnownFileType = sourcecode.c.h; path = CPTColorSpace.h; sourceTree = "<group>"; };
		7B42B18E1851489A0037C5FE /* CPTConstraints.h */ = {isa = PBXFileReference; fileEncoding = 4; lastKnownFileType = sourcecode.c.h; path = CPTConstraints.h; sourceTree = "<group>"; };
		7B42B18F1851489A0037C5FE /* CPTDataSourceTestCase.h */ = {isa = PBXFileReference; fileEncoding = 4; lastKnownFileType = sourcecode.c.h; path = CPTDataSourceTestCase.h; sourceTree = "<group>"; };
		7B42B1901851489A0037C5FE /* CPTDefinitions.h */ = {isa = PBXFileReference; fileEncoding = 4; lastKnownFileType = sourcecode.c.h; path = CPTDefinitions.h; sourceTree = "<group>"; };
		7B42B1911851489A0037C5FE /* CPTDerivedXYGraph.h */ = {isa = PBXFileReference; fileEncoding = 4; lastKnownFileType = sourcecode.c.h; path = CPTDerivedXYGraph.h; sourceTree = "<group>"; };
		7B42B1921851489A0037C5FE /* CPTExceptions.h */ = {isa = PBXFileReference; fileEncoding = 4; lastKnownFileType = sourcecode.c.h; path = CPTExceptions.h; sourceTree = "<group>"; };
		7B42B1931851489A0037C5FE /* CPTFill.h */ = {isa = PBXFileReference; fileEncoding = 4; lastKnownFileType = sourcecode.c.h; path = CPTFill.h; sourceTree = "<group>"; };
		7B42B1941851489A0037C5FE /* CPTFunctionDataSource.h */ = {isa = PBXFileReference; fileEncoding = 4; lastKnownFileType = sourcecode.c.h; path = CPTFunctionDataSource.h; sourceTree = "<group>"; };
		7B42B1951851489A0037C5FE /* CPTGradient.h */ = {isa = PBXFileReference; fileEncoding = 4; lastKnownFileType = sourcecode.c.h; path = CPTGradient.h; sourceTree = "<group>"; };
		7B42B1961851489A0037C5FE /* CPTGraph.h */ = {isa = PBXFileReference; fileEncoding = 4; lastKnownFileType = sourcecode.c.h; path = CPTGraph.h; sourceTree = "<group>"; };
		7B42B1971851489A0037C5FE /* CPTGraphHostingView.h */ = {isa = PBXFileReference; fileEncoding = 4; lastKnownFileType = sourcecode.c.h; path = CPTGraphHostingView.h; sourceTree = "<group>"; };
		7B42B1981851489A0037C5FE /* CPTGridLineGroup.h */ = {isa = PBXFileReference; fileEncoding = 4; lastKnownFileType = sourcecode.c.h; path = CPTGridLineGroup.h; sourceTree = "<group>"; };
		7B42B1991851489B0037C5FE /* CPTGridLines.h */ = {isa = PBXFileReference; fileEncoding = 4; lastKnownFileType = sourcecode.c.h; path = CPTGridLines.h; sourceTree = "<group>"; };
		7B42B19A1851489B0037C5FE /* CPTImage.h */ = {isa = PBXFileReference; fileEncoding = 4; lastKnownFileType = sourcecode.c.h; path = CPTImage.h; sourceTree = "<group>"; };
		7B42B19B1851489B0037C5FE /* CPTLayer.h */ = {isa = PBXFileReference; fileEncoding = 4; lastKnownFileType = sourcecode.c.h; path = CPTLayer.h; sourceTree = "<group>"; };
		7B42B19C1851489B0037C5FE /* CPTLayerAnnotation.h */ = {isa = PBXFileReference; fileEncoding = 4; lastKnownFileType = sourcecode.c.h; path = CPTLayerAnnotation.h; sourceTree = "<group>"; };
		7B42B19D1851489B0037C5FE /* CPTLegend.h */ = {isa = PBXFileReference; fileEncoding = 4; lastKnownFileType = sourcecode.c.h; path = CPTLegend.h; sourceTree = "<group>"; };
		7B42B19E1851489B0037C5FE /* CPTLegendEntry.h */ = {isa = PBXFileReference; fileEncoding = 4; lastKnownFileType = sourcecode.c.h; path = CPTLegendEntry.h; sourceTree = "<group>"; };
		7B42B19F1851489B0037C5FE /* CPTLimitBand.h */ = {isa = PBXFileReference; fileEncoding = 4; lastKnownFileType = sourcecode.c.h; path = CPTLimitBand.h; sourceTree = "<group>"; };
		7B42B1A01851489B0037C5FE /* CPTLineCap.h */ = {isa = PBXFileReference; fileEncoding = 4; lastKnownFileType = sourcecode.c.h; path = CPTLineCap.h; sourceTree = "<group>"; };
		7B42B1A11851489B0037C5FE /* CPTLineStyle.h */ = {isa = PBXFileReference; fileEncoding = 4; lastKnownFileType = sourcecode.c.h; path = CPTLineStyle.h; sourceTree = "<group>"; };
		7B42B1A21851489B0037C5FE /* CPTMutableLineStyle.h */ = {isa = PBXFileReference; fileEncoding = 4; lastKnownFileType = sourcecode.c.h; path = CPTMutableLineStyle.h; sourceTree = "<group>"; };
		7B42B1A31851489B0037C5FE /* CPTMutableNumericData+TypeConversion.h */ = {isa = PBXFileReference; fileEncoding = 4; lastKnownFileType = sourcecode.c.h; path = "CPTMutableNumericData+TypeConversion.h"; sourceTree = "<group>"; };
		7B42B1A41851489B0037C5FE /* CPTMutableNumericData.h */ = {isa = PBXFileReference; fileEncoding = 4; lastKnownFileType = sourcecode.c.h; path = CPTMutableNumericData.h; sourceTree = "<group>"; };
		7B42B1A51851489B0037C5FE /* CPTMutablePlotRange.h */ = {isa = PBXFileReference; fileEncoding = 4; lastKnownFileType = sourcecode.c.h; path = CPTMutablePlotRange.h; sourceTree = "<group>"; };
		7B42B1A61851489B0037C5FE /* CPTMutableShadow.h */ = {isa = PBXFileReference; fileEncoding = 4; lastKnownFileType = sourcecode.c.h; path = CPTMutableShadow.h; sourceTree = "<group>"; };
		7B42B1A71851489B0037C5FE /* CPTMutableTextStyle.h */ = {isa = PBXFileReference; fileEncoding = 4; lastKnownFileType = sourcecode.c.h; path = CPTMutableTextStyle.h; sourceTree = "<group>"; };
		7B42B1A81851489B0037C5FE /* CPTNumericData+TypeConversion.h */ = {isa = PBXFileReference; fileEncoding = 4; lastKnownFileType = sourcecode.c.h; path = "CPTNumericData+TypeConversion.h"; sourceTree = "<group>"; };
		7B42B1A91851489B0037C5FE /* CPTNumericData.h */ = {isa = PBXFileReference; fileEncoding = 4; lastKnownFileType = sourcecode.c.h; path = CPTNumericData.h; sourceTree = "<group>"; };
		7B42B1AA1851489B0037C5FE /* CPTNumericDataType.h */ = {isa = PBXFileReference; fileEncoding = 4; lastKnownFileType = sourcecode.c.h; path = CPTNumericDataType.h; sourceTree = "<group>"; };
		7B42B1AB1851489B0037C5FE /* CPTPathExtensions.h */ = {isa = PBXFileReference; fileEncoding = 4; lastKnownFileType = sourcecode.c.h; path = CPTPathExtensions.h; sourceTree = "<group>"; };
		7B42B1AC1851489B0037C5FE /* CPTPieChart.h */ = {isa = PBXFileReference; fileEncoding = 4; lastKnownFileType = sourcecode.c.h; path = CPTPieChart.h; sourceTree = "<group>"; };
		7B42B1AD1851489B0037C5FE /* CPTPlatformSpecificCategories.h */ = {isa = PBXFileReference; fileEncoding = 4; lastKnownFileType = sourcecode.c.h; path = CPTPlatformSpecificCategories.h; sourceTree = "<group>"; };
		7B42B1AE1851489B0037C5FE /* CPTPlatformSpecificDefines.h */ = {isa = PBXFileReference; fileEncoding = 4; lastKnownFileType = sourcecode.c.h; path = CPTPlatformSpecificDefines.h; sourceTree = "<group>"; };
		7B42B1AF1851489B0037C5FE /* CPTPlatformSpecificFunctions.h */ = {isa = PBXFileReference; fileEncoding = 4; lastKnownFileType = sourcecode.c.h; path = CPTPlatformSpecificFunctions.h; sourceTree = "<group>"; };
		7B42B1B01851489B0037C5FE /* CPTPlot.h */ = {isa = PBXFileReference; fileEncoding = 4; lastKnownFileType = sourcecode.c.h; path = CPTPlot.h; sourceTree = "<group>"; };
		7B42B1B11851489B0037C5FE /* CPTPlotArea.h */ = {isa = PBXFileReference; fileEncoding = 4; lastKnownFileType = sourcecode.c.h; path = CPTPlotArea.h; sourceTree = "<group>"; };
		7B42B1B21851489B0037C5FE /* CPTPlotAreaFrame.h */ = {isa = PBXFileReference; fileEncoding = 4; lastKnownFileType = sourcecode.c.h; path = CPTPlotAreaFrame.h; sourceTree = "<group>"; };
		7B42B1B31851489B0037C5FE /* CPTPlotGroup.h */ = {isa = PBXFileReference; fileEncoding = 4; lastKnownFileType = sourcecode.c.h; path = CPTPlotGroup.h; sourceTree = "<group>"; };
		7B42B1B41851489B0037C5FE /* CPTPlotRange.h */ = {isa = PBXFileReference; fileEncoding = 4; lastKnownFileType = sourcecode.c.h; path = CPTPlotRange.h; sourceTree = "<group>"; };
		7B42B1B51851489B0037C5FE /* CPTPlotSpace.h */ = {isa = PBXFileReference; fileEncoding = 4; lastKnownFileType = sourcecode.c.h; path = CPTPlotSpace.h; sourceTree = "<group>"; };
		7B42B1B61851489B0037C5FE /* CPTPlotSpaceAnnotation.h */ = {isa = PBXFileReference; fileEncoding = 4; lastKnownFileType = sourcecode.c.h; path = CPTPlotSpaceAnnotation.h; sourceTree = "<group>"; };
		7B42B1B71851489B0037C5FE /* CPTPlotSymbol.h */ = {isa = PBXFileReference; fileEncoding = 4; lastKnownFileType = sourcecode.c.h; path = CPTPlotSymbol.h; sourceTree = "<group>"; };
		7B42B1B81851489B0037C5FE /* CPTRangePlot.h */ = {isa = PBXFileReference; fileEncoding = 4; lastKnownFileType = sourcecode.c.h; path = CPTRangePlot.h; sourceTree = "<group>"; };
		7B42B1B91851489B0037C5FE /* CPTResponder.h */ = {isa = PBXFileReference; fileEncoding = 4; lastKnownFileType = sourcecode.c.h; path = CPTResponder.h; sourceTree = "<group>"; };
		7B42B1BA1851489B0037C5FE /* CPTScatterPlot.h */ = {isa = PBXFileReference; fileEncoding = 4; lastKnownFileType = sourcecode.c.h; path = CPTScatterPlot.h; sourceTree = "<group>"; };
		7B42B1BB1851489B0037C5FE /* CPTShadow.h */ = {isa = PBXFileReference; fileEncoding = 4; lastKnownFileType = sourcecode.c.h; path = CPTShadow.h; sourceTree = "<group>"; };
		7B42B1BC1851489B0037C5FE /* CPTTestCase.h */ = {isa = PBXFileReference; fileEncoding = 4; lastKnownFileType = sourcecode.c.h; path = CPTTestCase.h; sourceTree = "<group>"; };
		7B42B1BD1851489B0037C5FE /* CPTTextLayer.h */ = {isa = PBXFileReference; fileEncoding = 4; lastKnownFileType = sourcecode.c.h; path = CPTTextLayer.h; sourceTree = "<group>"; };
		7B42B1BE1851489B0037C5FE /* CPTTextStyle.h */ = {isa = PBXFileReference; fileEncoding = 4; lastKnownFileType = sourcecode.c.h; path = CPTTextStyle.h; sourceTree = "<group>"; };
		7B42B1BF1851489B0037C5FE /* CPTTextStylePlatformSpecific.h */ = {isa = PBXFileReference; fileEncoding = 4; lastKnownFileType = sourcecode.c.h; path = CPTTextStylePlatformSpecific.h; sourceTree = "<group>"; };
		7B42B1C01851489B0037C5FE /* CPTTheme.h */ = {isa = PBXFileReference; fileEncoding = 4; lastKnownFileType = sourcecode.c.h; path = CPTTheme.h; sourceTree = "<group>"; };
		7B42B1C11851489B0037C5FE /* CPTTimeFormatter.h */ = {isa = PBXFileReference; fileEncoding = 4; lastKnownFileType = sourcecode.c.h; path = CPTTimeFormatter.h; sourceTree = "<group>"; };
		7B42B1C21851489B0037C5FE /* CPTTradingRangePlot.h */ = {isa = PBXFileReference; fileEncoding = 4; lastKnownFileType = sourcecode.c.h; path = CPTTradingRangePlot.h; sourceTree = "<group>"; };
		7B42B1C31851489B0037C5FE /* CPTUtilities.h */ = {isa = PBXFileReference; fileEncoding = 4; lastKnownFileType = sourcecode.c.h; path = CPTUtilities.h; sourceTree = "<group>"; };
		7B42B1C41851489B0037C5FE /* CPTXYAxis.h */ = {isa = PBXFileReference; fileEncoding = 4; lastKnownFileType = sourcecode.c.h; path = CPTXYAxis.h; sourceTree = "<group>"; };
		7B42B1C51851489B0037C5FE /* CPTXYAxisSet.h */ = {isa = PBXFileReference; fileEncoding = 4; lastKnownFileType = sourcecode.c.h; path = CPTXYAxisSet.h; sourceTree = "<group>"; };
		7B42B1C61851489B0037C5FE /* CPTXYGraph.h */ = {isa = PBXFileReference; fileEncoding = 4; lastKnownFileType = sourcecode.c.h; path = CPTXYGraph.h; sourceTree = "<group>"; };
		7B42B1C71851489B0037C5FE /* CPTXYPlotSpace.h */ = {isa = PBXFileReference; fileEncoding = 4; lastKnownFileType = sourcecode.c.h; path = CPTXYPlotSpace.h; sourceTree = "<group>"; };
		7B42B1C81851489B0037C5FE /* mainpage.h */ = {isa = PBXFileReference; fileEncoding = 4; lastKnownFileType = sourcecode.c.h; path = mainpage.h; sourceTree = "<group>"; };
		7B42B1C91851489B0037C5FE /* NSCoderExtensions.h */ = {isa = PBXFileReference; fileEncoding = 4; lastKnownFileType = sourcecode.c.h; path = NSCoderExtensions.h; sourceTree = "<group>"; };
		7B42B1CA1851489B0037C5FE /* NSDecimalNumberExtensions.h */ = {isa = PBXFileReference; fileEncoding = 4; lastKnownFileType = sourcecode.c.h; path = NSDecimalNumberExtensions.h; sourceTree = "<group>"; };
		7B42B1CB1851489B0037C5FE /* NSNumberExtensions.h */ = {isa = PBXFileReference; fileEncoding = 4; lastKnownFileType = sourcecode.c.h; path = NSNumberExtensions.h; sourceTree = "<group>"; };
		7B42B1CC1851489B0037C5FE /* libCorePlot-CocoaTouch.a */ = {isa = PBXFileReference; lastKnownFileType = archive.ar; path = "libCorePlot-CocoaTouch.a"; sourceTree = "<group>"; };
		7B42B1CE185148FF0037C5FE /* QuartzCore.framework */ = {isa = PBXFileReference; lastKnownFileType = wrapper.framework; name = QuartzCore.framework; path = System/Library/Frameworks/QuartzCore.framework; sourceTree = SDKROOT; };
		7B42B1D018514B6D0037C5FE /* Accelerate.framework */ = {isa = PBXFileReference; lastKnownFileType = wrapper.framework; name = Accelerate.framework; path = System/Library/Frameworks/Accelerate.framework; sourceTree = SDKROOT; };
/* End PBXFileReference section */

/* Begin PBXFrameworksBuildPhase section */
		7B40E03E1832CE38008AAAB9 /* Frameworks */ = {
			isa = PBXFrameworksBuildPhase;
			buildActionMask = 2147483647;
			files = (
				7B42B1D118514B6D0037C5FE /* Accelerate.framework in Frameworks */,
				7B42B1CF185149000037C5FE /* QuartzCore.framework in Frameworks */,
				7B8D0169184D86DC00FE2337 /* MapKit.framework in Frameworks */,
				7B40E0A41832E42B008AAAB9 /* CoreData.framework in Frameworks */,
				7B40E0851832DBDA008AAAB9 /* CoreLocation.framework in Frameworks */,
				7B42B1CD1851489B0037C5FE /* libCorePlot-CocoaTouch.a in Frameworks */,
				7B40E0831832DBD5008AAAB9 /* AddressBook.framework in Frameworks */,
				7B40E0471832CE38008AAAB9 /* CoreGraphics.framework in Frameworks */,
				7B40E0491832CE38008AAAB9 /* UIKit.framework in Frameworks */,
				7B40E0451832CE38008AAAB9 /* Foundation.framework in Frameworks */,
			);
			runOnlyForDeploymentPostprocessing = 0;
		};
		7B40E05F1832CE38008AAAB9 /* Frameworks */ = {
			isa = PBXFrameworksBuildPhase;
			buildActionMask = 2147483647;
			files = (
				7B40E0661832CE39008AAAB9 /* UIKit.framework in Frameworks */,
				7B40E0651832CE39008AAAB9 /* Foundation.framework in Frameworks */,
			);
			runOnlyForDeploymentPostprocessing = 0;
		};
/* End PBXFrameworksBuildPhase section */

/* Begin PBXGroup section */
		7B40E0381832CE38008AAAB9 = {
			isa = PBXGroup;
			children = (
				7B40E04A1832CE38008AAAB9 /* TripCalculator */,
				7B40E0691832CE39008AAAB9 /* TripCalculatorTests */,
				7B40E0431832CE38008AAAB9 /* Frameworks */,
				7B40E0421832CE38008AAAB9 /* Products */,
			);
			sourceTree = "<group>";
		};
		7B40E0421832CE38008AAAB9 /* Products */ = {
			isa = PBXGroup;
			children = (
				7B40E0411832CE38008AAAB9 /* TripCalculator.app */,
				7B40E0621832CE38008AAAB9 /* TripCalculatorTests.xctest */,
			);
			name = Products;
			sourceTree = "<group>";
		};
		7B40E0431832CE38008AAAB9 /* Frameworks */ = {
			isa = PBXGroup;
			children = (
				7B42B1D018514B6D0037C5FE /* Accelerate.framework */,
				7B42B1CE185148FF0037C5FE /* QuartzCore.framework */,
				7B40E0A31832E42B008AAAB9 /* CoreData.framework */,
				7B40E0861832DBE4008AAAB9 /* MapKit.framework */,
				7B40E0841832DBDA008AAAB9 /* CoreLocation.framework */,
				7B40E0821832DBD5008AAAB9 /* AddressBook.framework */,
				7B40E0441832CE38008AAAB9 /* Foundation.framework */,
				7B40E0461832CE38008AAAB9 /* CoreGraphics.framework */,
				7B40E0481832CE38008AAAB9 /* UIKit.framework */,
			);
			name = Frameworks;
			sourceTree = "<group>";
		};
		7B40E04A1832CE38008AAAB9 /* TripCalculator */ = {
			isa = PBXGroup;
			children = (
				7B8D0167184D7BEE00FE2337 /* Controllers */,
				7B8D0166184D7BC700FE2337 /* Model */,
				7B8D0165184D7BC200FE2337 /* Views */,
				7B40E04B1832CE38008AAAB9 /* Supporting Files */,
			);
			path = TripCalculator;
			sourceTree = "<group>";
		};
		7B40E04B1832CE38008AAAB9 /* Supporting Files */ = {
			isa = PBXGroup;
			children = (
				7B42B17D1851489A0037C5FE /* CorePlotHeaders */,
				7B42B1CC1851489B0037C5FE /* libCorePlot-CocoaTouch.a */,
				7B40E05C1832CE38008AAAB9 /* Images.xcassets */,
				7B40E07E1832D700008AAAB9 /* route.png */,
				7B40E04C1832CE38008AAAB9 /* TripCalculator-Info.plist */,
				7B40E04D1832CE38008AAAB9 /* InfoPlist.strings */,
				7B40E0501832CE38008AAAB9 /* main.m */,
				7B40E0521832CE38008AAAB9 /* TripCalculator-Prefix.pch */,
			);
			name = "Supporting Files";
			sourceTree = "<group>";
		};
		7B40E0691832CE39008AAAB9 /* TripCalculatorTests */ = {
			isa = PBXGroup;
			children = (
				7B40E06F1832CE39008AAAB9 /* TripCalculatorTests.m */,
				7B40E06A1832CE39008AAAB9 /* Supporting Files */,
			);
			path = TripCalculatorTests;
			sourceTree = "<group>";
		};
		7B40E06A1832CE39008AAAB9 /* Supporting Files */ = {
			isa = PBXGroup;
			children = (
				7B40E06B1832CE39008AAAB9 /* TripCalculatorTests-Info.plist */,
				7B40E06C1832CE39008AAAB9 /* InfoPlist.strings */,
			);
			name = "Supporting Files";
			sourceTree = "<group>";
		};
		7B42B17D1851489A0037C5FE /* CorePlotHeaders */ = {
			isa = PBXGroup;
			children = (
				7B42B17E1851489A0037C5FE /* CorePlot-CocoaTouch.h */,
				7B42B17F1851489A0037C5FE /* CPTAnimation.h */,
				7B42B1801851489A0037C5FE /* CPTAnimationOperation.h */,
				7B42B1811851489A0037C5FE /* CPTAnimationPeriod.h */,
				7B42B1821851489A0037C5FE /* CPTAnnotation.h */,
				7B42B1831851489A0037C5FE /* CPTAnnotationHostLayer.h */,
				7B42B1841851489A0037C5FE /* CPTAxis.h */,
				7B42B1851851489A0037C5FE /* CPTAxisLabel.h */,
				7B42B1861851489A0037C5FE /* CPTAxisLabelGroup.h */,
				7B42B1871851489A0037C5FE /* CPTAxisSet.h */,
				7B42B1881851489A0037C5FE /* CPTAxisTitle.h */,
				7B42B1891851489A0037C5FE /* CPTBarPlot.h */,
				7B42B18A1851489A0037C5FE /* CPTBorderedLayer.h */,
				7B42B18B1851489A0037C5FE /* CPTCalendarFormatter.h */,
				7B42B18C1851489A0037C5FE /* CPTColor.h */,
				7B42B18D1851489A0037C5FE /* CPTColorSpace.h */,
				7B42B18E1851489A0037C5FE /* CPTConstraints.h */,
				7B42B18F1851489A0037C5FE /* CPTDataSourceTestCase.h */,
				7B42B1901851489A0037C5FE /* CPTDefinitions.h */,
				7B42B1911851489A0037C5FE /* CPTDerivedXYGraph.h */,
				7B42B1921851489A0037C5FE /* CPTExceptions.h */,
				7B42B1931851489A0037C5FE /* CPTFill.h */,
				7B42B1941851489A0037C5FE /* CPTFunctionDataSource.h */,
				7B42B1951851489A0037C5FE /* CPTGradient.h */,
				7B42B1961851489A0037C5FE /* CPTGraph.h */,
				7B42B1971851489A0037C5FE /* CPTGraphHostingView.h */,
				7B42B1981851489A0037C5FE /* CPTGridLineGroup.h */,
				7B42B1991851489B0037C5FE /* CPTGridLines.h */,
				7B42B19A1851489B0037C5FE /* CPTImage.h */,
				7B42B19B1851489B0037C5FE /* CPTLayer.h */,
				7B42B19C1851489B0037C5FE /* CPTLayerAnnotation.h */,
				7B42B19D1851489B0037C5FE /* CPTLegend.h */,
				7B42B19E1851489B0037C5FE /* CPTLegendEntry.h */,
				7B42B19F1851489B0037C5FE /* CPTLimitBand.h */,
				7B42B1A01851489B0037C5FE /* CPTLineCap.h */,
				7B42B1A11851489B0037C5FE /* CPTLineStyle.h */,
				7B42B1A21851489B0037C5FE /* CPTMutableLineStyle.h */,
				7B42B1A31851489B0037C5FE /* CPTMutableNumericData+TypeConversion.h */,
				7B42B1A41851489B0037C5FE /* CPTMutableNumericData.h */,
				7B42B1A51851489B0037C5FE /* CPTMutablePlotRange.h */,
				7B42B1A61851489B0037C5FE /* CPTMutableShadow.h */,
				7B42B1A71851489B0037C5FE /* CPTMutableTextStyle.h */,
				7B42B1A81851489B0037C5FE /* CPTNumericData+TypeConversion.h */,
				7B42B1A91851489B0037C5FE /* CPTNumericData.h */,
				7B42B1AA1851489B0037C5FE /* CPTNumericDataType.h */,
				7B42B1AB1851489B0037C5FE /* CPTPathExtensions.h */,
				7B42B1AC1851489B0037C5FE /* CPTPieChart.h */,
				7B42B1AD1851489B0037C5FE /* CPTPlatformSpecificCategories.h */,
				7B42B1AE1851489B0037C5FE /* CPTPlatformSpecificDefines.h */,
				7B42B1AF1851489B0037C5FE /* CPTPlatformSpecificFunctions.h */,
				7B42B1B01851489B0037C5FE /* CPTPlot.h */,
				7B42B1B11851489B0037C5FE /* CPTPlotArea.h */,
				7B42B1B21851489B0037C5FE /* CPTPlotAreaFrame.h */,
				7B42B1B31851489B0037C5FE /* CPTPlotGroup.h */,
				7B42B1B41851489B0037C5FE /* CPTPlotRange.h */,
				7B42B1B51851489B0037C5FE /* CPTPlotSpace.h */,
				7B42B1B61851489B0037C5FE /* CPTPlotSpaceAnnotation.h */,
				7B42B1B71851489B0037C5FE /* CPTPlotSymbol.h */,
				7B42B1B81851489B0037C5FE /* CPTRangePlot.h */,
				7B42B1B91851489B0037C5FE /* CPTResponder.h */,
				7B42B1BA1851489B0037C5FE /* CPTScatterPlot.h */,
				7B42B1BB1851489B0037C5FE /* CPTShadow.h */,
				7B42B1BC1851489B0037C5FE /* CPTTestCase.h */,
				7B42B1BD1851489B0037C5FE /* CPTTextLayer.h */,
				7B42B1BE1851489B0037C5FE /* CPTTextStyle.h */,
				7B42B1BF1851489B0037C5FE /* CPTTextStylePlatformSpecific.h */,
				7B42B1C01851489B0037C5FE /* CPTTheme.h */,
				7B42B1C11851489B0037C5FE /* CPTTimeFormatter.h */,
				7B42B1C21851489B0037C5FE /* CPTTradingRangePlot.h */,
				7B42B1C31851489B0037C5FE /* CPTUtilities.h */,
				7B42B1C41851489B0037C5FE /* CPTXYAxis.h */,
				7B42B1C51851489B0037C5FE /* CPTXYAxisSet.h */,
				7B42B1C61851489B0037C5FE /* CPTXYGraph.h */,
				7B42B1C71851489B0037C5FE /* CPTXYPlotSpace.h */,
				7B42B1C81851489B0037C5FE /* mainpage.h */,
				7B42B1C91851489B0037C5FE /* NSCoderExtensions.h */,
				7B42B1CA1851489B0037C5FE /* NSDecimalNumberExtensions.h */,
				7B42B1CB1851489B0037C5FE /* NSNumberExtensions.h */,
			);
			path = CorePlotHeaders;
			sourceTree = "<group>";
		};
		7B8D0165184D7BC200FE2337 /* Views */ = {
			isa = PBXGroup;
			children = (
				7B40E0561832CE38008AAAB9 /* Main.storyboard */,
			);
			name = Views;
			sourceTree = "<group>";
		};
		7B8D0166184D7BC700FE2337 /* Model */ = {
			isa = PBXGroup;
			children = (
			);
			name = Model;
			sourceTree = "<group>";
		};
		7B8D0167184D7BEE00FE2337 /* Controllers */ = {
			isa = PBXGroup;
			children = (
				7B40E07B1832D345008AAAB9 /* jjkMapViewController.h */,
				7B40E07C1832D345008AAAB9 /* jjkMapViewController.m */,
				7B40E0531832CE38008AAAB9 /* jjkAppDelegate.h */,
				7B40E0541832CE38008AAAB9 /* jjkAppDelegate.m */,
				7B40E0591832CE38008AAAB9 /* jjkViewController.h */,
				7B40E05A1832CE38008AAAB9 /* jjkViewController.m */,
				7B42B1711851293F0037C5FE /* jjkResultsTableViewController.h */,
				7B42B1721851293F0037C5FE /* jjkResultsTableViewController.m */,
				7B42B17718513A580037C5FE /* jjkResultsCell.h */,
				7B42B17818513A590037C5FE /* jjkResultsCell.m */,
				7B42B17A185145CA0037C5FE /* jjkGraphViewController.h */,
				7B42B17B185145CA0037C5FE /* jjkGraphViewController.m */,
			);
			name = Controllers;
			sourceTree = "<group>";
		};
/* End PBXGroup section */

/* Begin PBXNativeTarget section */
		7B40E0401832CE38008AAAB9 /* TripCalculator */ = {
			isa = PBXNativeTarget;
			buildConfigurationList = 7B40E0731832CE39008AAAB9 /* Build configuration list for PBXNativeTarget "TripCalculator" */;
			buildPhases = (
				7B40E03D1832CE38008AAAB9 /* Sources */,
				7B40E03E1832CE38008AAAB9 /* Frameworks */,
				7B40E03F1832CE38008AAAB9 /* Resources */,
			);
			buildRules = (
			);
			dependencies = (
			);
			name = TripCalculator;
			productName = TripCalculator;
			productReference = 7B40E0411832CE38008AAAB9 /* TripCalculator.app */;
			productType = "com.apple.product-type.application";
		};
		7B40E0611832CE38008AAAB9 /* TripCalculatorTests */ = {
			isa = PBXNativeTarget;
			buildConfigurationList = 7B40E0761832CE39008AAAB9 /* Build configuration list for PBXNativeTarget "TripCalculatorTests" */;
			buildPhases = (
				7B40E05E1832CE38008AAAB9 /* Sources */,
				7B40E05F1832CE38008AAAB9 /* Frameworks */,
				7B40E0601832CE38008AAAB9 /* Resources */,
			);
			buildRules = (
			);
			dependencies = (
				7B40E0681832CE39008AAAB9 /* PBXTargetDependency */,
			);
			name = TripCalculatorTests;
			productName = TripCalculatorTests;
			productReference = 7B40E0621832CE38008AAAB9 /* TripCalculatorTests.xctest */;
			productType = "com.apple.product-type.bundle.unit-test";
		};
/* End PBXNativeTarget section */

/* Begin PBXProject section */
		7B40E0391832CE38008AAAB9 /* Project object */ = {
			isa = PBXProject;
			attributes = {
				CLASSPREFIX = jjk;
				LastUpgradeCheck = 0500;
				ORGANIZATIONNAME = "Joshua Kuiros";
				TargetAttributes = {
					7B40E0611832CE38008AAAB9 = {
						TestTargetID = 7B40E0401832CE38008AAAB9;
					};
				};
			};
			buildConfigurationList = 7B40E03C1832CE38008AAAB9 /* Build configuration list for PBXProject "TripCalculator" */;
			compatibilityVersion = "Xcode 3.2";
			developmentRegion = English;
			hasScannedForEncodings = 0;
			knownRegions = (
				en,
				Base,
			);
			mainGroup = 7B40E0381832CE38008AAAB9;
			productRefGroup = 7B40E0421832CE38008AAAB9 /* Products */;
			projectDirPath = "";
			projectRoot = "";
			targets = (
				7B40E0401832CE38008AAAB9 /* TripCalculator */,
				7B40E0611832CE38008AAAB9 /* TripCalculatorTests */,
			);
		};
/* End PBXProject section */

/* Begin PBXResourcesBuildPhase section */
		7B40E03F1832CE38008AAAB9 /* Resources */ = {
			isa = PBXResourcesBuildPhase;
			buildActionMask = 2147483647;
			files = (
				7B8D0168184D833200FE2337 /* Main.storyboard in Resources */,
				7B40E05D1832CE38008AAAB9 /* Images.xcassets in Resources */,
				7B40E04F1832CE38008AAAB9 /* InfoPlist.strings in Resources */,
				7B40E07F1832D700008AAAB9 /* route.png in Resources */,
			);
			runOnlyForDeploymentPostprocessing = 0;
		};
		7B40E0601832CE38008AAAB9 /* Resources */ = {
			isa = PBXResourcesBuildPhase;
			buildActionMask = 2147483647;
			files = (
				7B40E06E1832CE39008AAAB9 /* InfoPlist.strings in Resources */,
			);
			runOnlyForDeploymentPostprocessing = 0;
		};
/* End PBXResourcesBuildPhase section */

/* Begin PBXSourcesBuildPhase section */
		7B40E03D1832CE38008AAAB9 /* Sources */ = {
			isa = PBXSourcesBuildPhase;
			buildActionMask = 2147483647;
			files = (
				7B40E05B1832CE38008AAAB9 /* jjkViewController.m in Sources */,
				7B42B1731851293F0037C5FE /* jjkResultsTableViewController.m in Sources */,
				7B40E07D1832D345008AAAB9 /* jjkMapViewController.m in Sources */,
				7B40E0551832CE38008AAAB9 /* jjkAppDelegate.m in Sources */,
				7B42B17C185145CA0037C5FE /* jjkGraphViewController.m in Sources */,
				7B42B17918513A590037C5FE /* jjkResultsCell.m in Sources */,
				7B40E0511832CE38008AAAB9 /* main.m in Sources */,
			);
			runOnlyForDeploymentPostprocessing = 0;
		};
		7B40E05E1832CE38008AAAB9 /* Sources */ = {
			isa = PBXSourcesBuildPhase;
			buildActionMask = 2147483647;
			files = (
				7B40E0701832CE39008AAAB9 /* TripCalculatorTests.m in Sources */,
			);
			runOnlyForDeploymentPostprocessing = 0;
		};
/* End PBXSourcesBuildPhase section */

/* Begin PBXTargetDependency section */
		7B40E0681832CE39008AAAB9 /* PBXTargetDependency */ = {
			isa = PBXTargetDependency;
			target = 7B40E0401832CE38008AAAB9 /* TripCalculator */;
			targetProxy = 7B40E0671832CE39008AAAB9 /* PBXContainerItemProxy */;
		};
/* End PBXTargetDependency section */

/* Begin PBXVariantGroup section */
		7B40E04D1832CE38008AAAB9 /* InfoPlist.strings */ = {
			isa = PBXVariantGroup;
			children = (
				7B40E04E1832CE38008AAAB9 /* en */,
			);
			name = InfoPlist.strings;
			sourceTree = "<group>";
		};
		7B40E0561832CE38008AAAB9 /* Main.storyboard */ = {
			isa = PBXVariantGroup;
			children = (
				7B40E0571832CE38008AAAB9 /* Base */,
			);
			name = Main.storyboard;
			sourceTree = "<group>";
		};
		7B40E06C1832CE39008AAAB9 /* InfoPlist.strings */ = {
			isa = PBXVariantGroup;
			children = (
				7B40E06D1832CE39008AAAB9 /* en */,
			);
			name = InfoPlist.strings;
			sourceTree = "<group>";
		};
/* End PBXVariantGroup section */

/* Begin XCBuildConfiguration section */
		7B40E0711832CE39008AAAB9 /* Debug */ = {
			isa = XCBuildConfiguration;
			buildSettings = {
				ALWAYS_SEARCH_USER_PATHS = NO;
				ARCHS = "$(ARCHS_STANDARD_INCLUDING_64_BIT)";
				CLANG_CXX_LANGUAGE_STANDARD = "gnu++0x";
				CLANG_CXX_LIBRARY = "libc++";
				CLANG_ENABLE_MODULES = YES;
				CLANG_ENABLE_OBJC_ARC = YES;
				CLANG_WARN_BOOL_CONVERSION = YES;
				CLANG_WARN_CONSTANT_CONVERSION = YES;
				CLANG_WARN_DIRECT_OBJC_ISA_USAGE = YES_ERROR;
				CLANG_WARN_EMPTY_BODY = YES;
				CLANG_WARN_ENUM_CONVERSION = YES;
				CLANG_WARN_INT_CONVERSION = YES;
				CLANG_WARN_OBJC_ROOT_CLASS = YES_ERROR;
				CLANG_WARN__DUPLICATE_METHOD_MATCH = YES;
				"CODE_SIGN_IDENTITY[sdk=iphoneos*]" = "iPhone Developer";
				COPY_PHASE_STRIP = NO;
				GCC_C_LANGUAGE_STANDARD = gnu99;
				GCC_DYNAMIC_NO_PIC = NO;
				GCC_OPTIMIZATION_LEVEL = 0;
				GCC_PREPROCESSOR_DEFINITIONS = (
					"DEBUG=1",
					"$(inherited)",
				);
				GCC_SYMBOLS_PRIVATE_EXTERN = NO;
				GCC_WARN_64_TO_32_BIT_CONVERSION = YES;
				GCC_WARN_ABOUT_RETURN_TYPE = YES_ERROR;
				GCC_WARN_UNDECLARED_SELECTOR = YES;
				GCC_WARN_UNINITIALIZED_AUTOS = YES;
				GCC_WARN_UNUSED_FUNCTION = YES;
				GCC_WARN_UNUSED_VARIABLE = YES;
				IPHONEOS_DEPLOYMENT_TARGET = 7.0;
				ONLY_ACTIVE_ARCH = YES;
				OTHER_LDFLAGS = "-ObjC";
				SDKROOT = iphoneos;
			};
			name = Debug;
		};
		7B40E0721832CE39008AAAB9 /* Release */ = {
			isa = XCBuildConfiguration;
			buildSettings = {
				ALWAYS_SEARCH_USER_PATHS = NO;
				ARCHS = "$(ARCHS_STANDARD_INCLUDING_64_BIT)";
				CLANG_CXX_LANGUAGE_STANDARD = "gnu++0x";
				CLANG_CXX_LIBRARY = "libc++";
				CLANG_ENABLE_MODULES = YES;
				CLANG_ENABLE_OBJC_ARC = YES;
				CLANG_WARN_BOOL_CONVERSION = YES;
				CLANG_WARN_CONSTANT_CONVERSION = YES;
				CLANG_WARN_DIRECT_OBJC_ISA_USAGE = YES_ERROR;
				CLANG_WARN_EMPTY_BODY = YES;
				CLANG_WARN_ENUM_CONVERSION = YES;
				CLANG_WARN_INT_CONVERSION = YES;
				CLANG_WARN_OBJC_ROOT_CLASS = YES_ERROR;
				CLANG_WARN__DUPLICATE_METHOD_MATCH = YES;
				"CODE_SIGN_IDENTITY[sdk=iphoneos*]" = "iPhone Developer";
				COPY_PHASE_STRIP = YES;
				ENABLE_NS_ASSERTIONS = NO;
				GCC_C_LANGUAGE_STANDARD = gnu99;
				GCC_WARN_64_TO_32_BIT_CONVERSION = YES;
				GCC_WARN_ABOUT_RETURN_TYPE = YES_ERROR;
				GCC_WARN_UNDECLARED_SELECTOR = YES;
				GCC_WARN_UNINITIALIZED_AUTOS = YES;
				GCC_WARN_UNUSED_FUNCTION = YES;
				GCC_WARN_UNUSED_VARIABLE = YES;
				IPHONEOS_DEPLOYMENT_TARGET = 7.0;
				OTHER_LDFLAGS = "-ObjC";
				SDKROOT = iphoneos;
				VALIDATE_PRODUCT = YES;
			};
			name = Release;
		};
		7B40E0741832CE39008AAAB9 /* Debug */ = {
			isa = XCBuildConfiguration;
			buildSettings = {
				ASSETCATALOG_COMPILER_APPICON_NAME = AppIcon;
				ASSETCATALOG_COMPILER_LAUNCHIMAGE_NAME = LaunchImage;
				FRAMEWORK_SEARCH_PATHS = (
					"$(inherited)",
					"/Users/JoshuaKuiros/Downloads/GoogleMaps-iOS-1.5.0",
					"/Users/JoshuaKuiros/Downloads/GoogleMaps-iOS-1.5.0/GoogleMapsSDKDemos",
					/Users/JoshuaKuiros/Desktop/Repos/TripCalculator/TripCalculator,
				);
				GCC_PRECOMPILE_PREFIX_HEADER = YES;
				GCC_PREFIX_HEADER = "TripCalculator/TripCalculator-Prefix.pch";
				INFOPLIST_FILE = "TripCalculator/TripCalculator-Info.plist";
				LIBRARY_SEARCH_PATHS = (
					"$(inherited)",
					/Users/JoshuaKuiros/Desktop/Repos/TripCalculator/TripCalculator/TripCalculator,
				);
				OTHER_LDFLAGS = (
					"-ObjC",
					"-all_load",
				);
				PRODUCT_NAME = "$(TARGET_NAME)";
				WRAPPER_EXTENSION = app;
			};
			name = Debug;
		};
		7B40E0751832CE39008AAAB9 /* Release */ = {
			isa = XCBuildConfiguration;
			buildSettings = {
				ASSETCATALOG_COMPILER_APPICON_NAME = AppIcon;
				ASSETCATALOG_COMPILER_LAUNCHIMAGE_NAME = LaunchImage;
				FRAMEWORK_SEARCH_PATHS = (
					"$(inherited)",
					"/Users/JoshuaKuiros/Downloads/GoogleMaps-iOS-1.5.0",
					"/Users/JoshuaKuiros/Downloads/GoogleMaps-iOS-1.5.0/GoogleMapsSDKDemos",
					/Users/JoshuaKuiros/Desktop/Repos/TripCalculator/TripCalculator,
				);
				GCC_PRECOMPILE_PREFIX_HEADER = YES;
				GCC_PREFIX_HEADER = "TripCalculator/TripCalculator-Prefix.pch";
				INFOPLIST_FILE = "TripCalculator/TripCalculator-Info.plist";
				LIBRARY_SEARCH_PATHS = (
					"$(inherited)",
					/Users/JoshuaKuiros/Desktop/Repos/TripCalculator/TripCalculator/TripCalculator,
				);
				OTHER_LDFLAGS = (
					"-ObjC",
					"-all_load",
				);
				PRODUCT_NAME = "$(TARGET_NAME)";
				WRAPPER_EXTENSION = app;
			};
			name = Release;
		};
		7B40E0771832CE39008AAAB9 /* Debug */ = {
			isa = XCBuildConfiguration;
			buildSettings = {
				ARCHS = "$(ARCHS_STANDARD_INCLUDING_64_BIT)";
				BUNDLE_LOADER = "$(BUILT_PRODUCTS_DIR)/TripCalculator.app/TripCalculator";
				FRAMEWORK_SEARCH_PATHS = (
					"$(SDKROOT)/Developer/Library/Frameworks",
					"$(inherited)",
					"$(DEVELOPER_FRAMEWORKS_DIR)",
				);
				GCC_PRECOMPILE_PREFIX_HEADER = YES;
				GCC_PREFIX_HEADER = "TripCalculator/TripCalculator-Prefix.pch";
				GCC_PREPROCESSOR_DEFINITIONS = (
					"DEBUG=1",
					"$(inherited)",
				);
				INFOPLIST_FILE = "TripCalculatorTests/TripCalculatorTests-Info.plist";
				PRODUCT_NAME = "$(TARGET_NAME)";
				TEST_HOST = "$(BUNDLE_LOADER)";
				WRAPPER_EXTENSION = xctest;
			};
			name = Debug;
		};
		7B40E0781832CE39008AAAB9 /* Release */ = {
			isa = XCBuildConfiguration;
			buildSettings = {
				ARCHS = "$(ARCHS_STANDARD_INCLUDING_64_BIT)";
				BUNDLE_LOADER = "$(BUILT_PRODUCTS_DIR)/TripCalculator.app/TripCalculator";
				FRAMEWORK_SEARCH_PATHS = (
					"$(SDKROOT)/Developer/Library/Frameworks",
					"$(inherited)",
					"$(DEVELOPER_FRAMEWORKS_DIR)",
				);
				GCC_PRECOMPILE_PREFIX_HEADER = YES;
				GCC_PREFIX_HEADER = "TripCalculator/TripCalculator-Prefix.pch";
				INFOPLIST_FILE = "TripCalculatorTests/TripCalculatorTests-Info.plist";
				PRODUCT_NAME = "$(TARGET_NAME)";
				TEST_HOST = "$(BUNDLE_LOADER)";
				WRAPPER_EXTENSION = xctest;
			};
			name = Release;
		};
/* End XCBuildConfiguration section */

/* Begin XCConfigurationList section */
		7B40E03C1832CE38008AAAB9 /* Build configuration list for PBXProject "TripCalculator" */ = {
			isa = XCConfigurationList;
			buildConfigurations = (
				7B40E0711832CE39008AAAB9 /* Debug */,
				7B40E0721832CE39008AAAB9 /* Release */,
			);
			defaultConfigurationIsVisible = 0;
			defaultConfigurationName = Release;
		};
		7B40E0731832CE39008AAAB9 /* Build configuration list for PBXNativeTarget "TripCalculator" */ = {
			isa = XCConfigurationList;
			buildConfigurations = (
				7B40E0741832CE39008AAAB9 /* Debug */,
				7B40E0751832CE39008AAAB9 /* Release */,
			);
			defaultConfigurationIsVisible = 0;
			defaultConfigurationName = Release;
		};
		7B40E0761832CE39008AAAB9 /* Build configuration list for PBXNativeTarget "TripCalculatorTests" */ = {
			isa = XCConfigurationList;
			buildConfigurations = (
				7B40E0771832CE39008AAAB9 /* Debug */,
				7B40E0781832CE39008AAAB9 /* Release */,
			);
			defaultConfigurationIsVisible = 0;
			defaultConfigurationName = Release;
		};
/* End XCConfigurationList section */
	};
	rootObject = 7B40E0391832CE38008AAAB9 /* Project object */;
}
